{
  "lockfileVersion": 1,
  "configVersion": 1,
  "workspaces": {
    "": {
      "name": "logseq-todoist-plugin",
      "dependencies": {
        "@doist/todoist-api-typescript": "^7.10.0",
        "@logseq/libs": "^0.2.9",
        "@mantine/core": "^9.0.1",
        "@mantine/hooks": "^9.0.1",
        "date-fns": "^4.1.0",
        "logseq-dateutils": "^2.1.2",
        "react": "^19.2.5",
        "react-dom": "^19.2.5",
        "react-hook-form": "^7.72.1",
        "uuid": "^13.0.0",
        "wretch": "^3.0.7",
      },
      "devDependencies": {
        "@biomejs/biome": "2.4.11",
        "@types/node": "^25.6.0",
        "@types/react": "^19.2.14",
        "@types/react-dom": "^19.2.3",
        "husky": "^9.1.7",
        "postcss": "^8.5.9",
        "postcss-preset-mantine": "^1.18.0",
        "postcss-simple-vars": "^7.0.1",
        "prettier": "^3.8.2",
        "typescript": "^6.0.2",
        "vite": "^8.0.8",
        "vite-plugin-logseq": "^1.1.2",
        "vite-tsconfig-paths": "^6.1.1",
      },
    },
  },
  "packages": {
    "@babel/runtime": ["@babel/runtime@7.25.6", "", { "dependencies": { "regenerator-runtime": "0.14.1" } }, "sha512-VBj9MYyDb9tuLq7yzqjgzt6Q+IBQLrGZfdjOekyEirZPHxXWoTSGUTMrpsfi58Up73d13NfYLv8HT9vmznjzhQ=="],

    "@biomejs/biome": ["@biomejs/biome@2.4.11", "", { "optionalDependencies": { "@biomejs/cli-darwin-arm64": "2.4.11", "@biomejs/cli-darwin-x64": "2.4.11", "@biomejs/cli-linux-arm64": "2.4.11", "@biomejs/cli-linux-arm64-musl": "2.4.11", "@biomejs/cli-linux-x64": "2.4.11", "@biomejs/cli-linux-x64-musl": "2.4.11", "@biomejs/cli-win32-arm64": "2.4.11", "@biomejs/cli-win32-x64": "2.4.11" }, "bin": { "biome": "bin/biome" } }, "sha512-nWxHX8tf3Opb/qRgZpBbsTOqOodkbrkJ7S+JxJAruxOReaDPPmPuLBAGQ8vigyUgo0QBB+oQltNEAvalLcjggA=="],

    "@biomejs/cli-darwin-arm64": ["@biomejs/cli-darwin-arm64@2.4.11", "", { "os": "darwin", "cpu": "arm64" }, "sha512-wOt+ed+L2dgZanWyL6i29qlXMc088N11optzpo10peayObBaAshbTcxKUchzEMp9QSY8rh5h6VfAFE3WTS1rqg=="],

    "@biomejs/cli-darwin-x64": ["@biomejs/cli-darwin-x64@2.4.11", "", { "os": "darwin", "cpu": "x64" }, "sha512-gZ6zR8XmZlExfi/Pz/PffmdpWOQ8Qhy7oBztgkR8/ylSRyLwfRPSadmiVCV8WQ8PoJ2MWUy2fgID9zmtgUUJmw=="],

    "@biomejs/cli-linux-arm64": ["@biomejs/cli-linux-arm64@2.4.11", "", { "os": "linux", "cpu": "arm64" }, "sha512-avdJaEElXrKceK0va9FkJ4P5ci3N01TGkc6ni3P8l3BElqbOz42Wg2IyX3gbh0ZLEd4HVKEIrmuVu/AMuSeFFA=="],

    "@biomejs/cli-linux-arm64-musl": ["@biomejs/cli-linux-arm64-musl@2.4.11", "", { "os": "linux", "cpu": "arm64" }, "sha512-+Sbo1OAmlegtdwqFE8iOxFIWLh1B3OEgsuZfBpyyN/kWuqZ8dx9ZEes6zVnDMo+zRHF2wLynRVhoQmV7ohxl2Q=="],

    "@biomejs/cli-linux-x64": ["@biomejs/cli-linux-x64@2.4.11", "", { "os": "linux", "cpu": "x64" }, "sha512-TagWV0iomp5LnEnxWFg4nQO+e52Fow349vaX0Q/PIcX6Zhk4GGBgp3qqZ8PVkpC+cuehRctMf3+6+FgQ8jCEFQ=="],

    "@biomejs/cli-linux-x64-musl": ["@biomejs/cli-linux-x64-musl@2.4.11", "", { "os": "linux", "cpu": "x64" }, "sha512-bexd2IklK7ZgPhrz6jXzpIL6dEAH9MlJU1xGTrypx+FICxrXUp4CqtwfiuoDKse+UlgAlWtzML3jrMqeEAHEhA=="],

    "@biomejs/cli-win32-arm64": ["@biomejs/cli-win32-arm64@2.4.11", "", { "os": "win32", "cpu": "arm64" }, "sha512-RJhaTnY8byzxDt4bDVb7AFPHkPcjOPK3xBip4ZRTrN3TEfyhjLRm3r3mqknqydgVTB74XG8l4jMLwEACEeihVg=="],

    "@biomejs/cli-win32-x64": ["@biomejs/cli-win32-x64@2.4.11", "", { "os": "win32", "cpu": "x64" }, "sha512-A8D3JM/00C2KQgUV3oj8Ba15EHEYwebAGCy5Sf9GAjr5Y3+kJIYOiESoqRDeuRZueuMdCsbLZIUqmPhpYXJE9A=="],

    "@doist/todoist-api-typescript": ["@doist/todoist-api-typescript@7.10.0", "", { "dependencies": { "@doist/todoist-sdk": ">=8.0.0" } }, "sha512-jHDVYvyS1FjzkgzlpsBJ7Jddr/g48KyfP+nrb0xh5Uh7v/v2bljhF3+hfBO6SUaoaT3ik+bCH1hRNje39IQVXA=="],

    "@doist/todoist-sdk": ["@doist/todoist-sdk@9.0.0", "", { "dependencies": { "camelcase": "6.3.0", "emoji-regex": "10.6.0", "form-data": "4.0.5", "ts-custom-error": "^3.2.0", "undici": "^7.16.0", "uuid": "11.1.0", "zod": "4.3.6" }, "peerDependencies": { "type-fest": "^4.12.0" } }, "sha512-q1Zr+PzjVeDJm7So1odAspFw1ziLvg+96NYjQXk+FfjDaQ1+le34itDMK8GAANEGdA6Olj08bjtYYG//kJTSMg=="],

    "@emnapi/core": ["@emnapi/core@1.9.2", "", { "dependencies": { "@emnapi/wasi-threads": "1.2.1", "tslib": "^2.4.0" } }, "sha512-UC+ZhH3XtczQYfOlu3lNEkdW/p4dsJ1r/bP7H8+rhao3TTTMO1ATq/4DdIi23XuGoFY+Cz0JmCbdVl0hz9jZcA=="],

    "@emnapi/runtime": ["@emnapi/runtime@1.9.2", "", { "dependencies": { "tslib": "^2.4.0" } }, "sha512-3U4+MIWHImeyu1wnmVygh5WlgfYDtyf0k8AbLhMFxOipihf6nrWC4syIm/SwEeec0mNSafiiNnMJwbza/Is6Lw=="],

    "@emnapi/wasi-threads": ["@emnapi/wasi-threads@1.2.1", "", { "dependencies": { "tslib": "^2.4.0" } }, "sha512-uTII7OYF+/Mes/MrcIOYp5yOtSMLBWSIoLPpcgwipoiKbli6k322tcoFsxoIIxPDqW01SQGAgko4EzZi2BNv2w=="],

    "@floating-ui/core": ["@floating-ui/core@1.7.5", "", { "dependencies": { "@floating-ui/utils": "^0.2.11" } }, "sha512-1Ih4WTWyw0+lKyFMcBHGbb5U5FtuHJuujoyyr5zTaWS5EYMeT6Jb2AuDeftsCsEuchO+mM2ij5+q9crhydzLhQ=="],

    "@floating-ui/dom": ["@floating-ui/dom@1.7.6", "", { "dependencies": { "@floating-ui/core": "^1.7.5", "@floating-ui/utils": "^0.2.11" } }, "sha512-9gZSAI5XM36880PPMm//9dfiEngYoC6Am2izES1FF406YFsjvyBMmeJ2g4SAju3xWwtuynNRFL2s9hgxpLI5SQ=="],

    "@floating-ui/react": ["@floating-ui/react@0.27.19", "", { "dependencies": { "@floating-ui/react-dom": "^2.1.8", "@floating-ui/utils": "^0.2.11", "tabbable": "^6.0.0" }, "peerDependencies": { "react": ">=17.0.0", "react-dom": ">=17.0.0" } }, "sha512-31B8h5mm8YxotlE7/AU/PhNAl8eWxAmjL/v2QOxroDNkTFLk3Uu82u63N3b6TXa4EGJeeZLVcd/9AlNlVqzeog=="],

    "@floating-ui/react-dom": ["@floating-ui/react-dom@2.1.8", "", { "dependencies": { "@floating-ui/dom": "^1.7.6" }, "peerDependencies": { "react": ">=16.8.0", "react-dom": ">=16.8.0" } }, "sha512-cC52bHwM/n/CxS87FH0yWdngEZrjdtLW/qVruo68qg+prK7ZQ4YGdut2GyDVpoGeAYe/h899rVeOVm6Oi40k2A=="],

    "@floating-ui/utils": ["@floating-ui/utils@0.2.11", "", {}, "sha512-RiB/yIh78pcIxl6lLMG0CgBXAZ2Y0eVHqMPYugu+9U0AeT6YBeiJpf7lbdJNIugFP5SIjwNRgo4DhR1Qxi26Gg=="],

    "@logseq/libs": ["@logseq/libs@0.2.9", "", { "dependencies": { "csstype": "3.1.0", "debug": "4.3.4", "deepmerge": "4.3.1", "dompurify": "3.2.4", "eventemitter3": "4.0.7", "fast-deep-equal": "3.1.3", "lodash-es": "4.17.21", "path": "0.12.7", "snake-case": "3.0.4" } }, "sha512-TzP2Pm7dkiVpslmSIDXPQgbIm2KoJMnUbQNHtZu/S6XapVCRNphLzyjBxwrYrCYPYOb2rUn05xUi8Tsvyt+eBA=="],

    "@mantine/core": ["@mantine/core@9.0.1", "", { "dependencies": { "@floating-ui/react": "^0.27.19", "clsx": "^2.1.1", "react-number-format": "^5.4.5", "react-remove-scroll": "^2.7.2", "type-fest": "^5.5.0" }, "peerDependencies": { "@mantine/hooks": "9.0.1", "react": "^19.2.0", "react-dom": "^19.2.0" } }, "sha512-kSYm8g7p8FTDysOsz9BN14TSqp10O0yAmo9HOZfwe6c08gGKQSytnSCPgnTe2h5DMfpbhTg+krROrT8WQy37fA=="],

    "@mantine/hooks": ["@mantine/hooks@9.0.1", "", { "peerDependencies": { "react": "^19.2.0" } }, "sha512-WM/GbSD8MxZoy3X2IdrbxLq0/0ca4zMA5m7lGw9k1Vecqt1dC/nBed0IJd/w2HGs6avGs9CPlvQ8C4yBEcSnLA=="],

    "@napi-rs/wasm-runtime": ["@napi-rs/wasm-runtime@1.1.3", "", { "dependencies": { "@tybys/wasm-util": "^0.10.1" }, "peerDependencies": { "@emnapi/core": "^1.7.1", "@emnapi/runtime": "^1.7.1" } }, "sha512-xK9sGVbJWYb08+mTJt3/YV24WxvxpXcXtP6B172paPZ+Ts69Re9dAr7lKwJoeIx8OoeuimEiRZ7umkiUVClmmQ=="],

    "@oxc-project/types": ["@oxc-project/types@0.124.0", "", {}, "sha512-VBFWMTBvHxS11Z5Lvlr3IWgrwhMTXV+Md+EQF0Xf60+wAdsGFTBx7X7K/hP4pi8N7dcm1RvcHwDxZ16Qx8keUg=="],

    "@rolldown/binding-android-arm64": ["@rolldown/binding-android-arm64@1.0.0-rc.15", "", { "os": "android", "cpu": "arm64" }, "sha512-YYe6aWruPZDtHNpwu7+qAHEMbQ/yRl6atqb/AhznLTnD3UY99Q1jE7ihLSahNWkF4EqRPVC4SiR4O0UkLK02tA=="],

    "@rolldown/binding-darwin-arm64": ["@rolldown/binding-darwin-arm64@1.0.0-rc.15", "", { "os": "darwin", "cpu": "arm64" }, "sha512-oArR/ig8wNTPYsXL+Mzhs0oxhxfuHRfG7Ikw7jXsw8mYOtk71W0OkF2VEVh699pdmzjPQsTjlD1JIOoHkLP1Fg=="],

    "@rolldown/binding-darwin-x64": ["@rolldown/binding-darwin-x64@1.0.0-rc.15", "", { "os": "darwin", "cpu": "x64" }, "sha512-YzeVqOqjPYvUbJSWJ4EDL8ahbmsIXQpgL3JVipmN+MX0XnXMeWomLN3Fb+nwCmP/jfyqte5I3XRSm7OfQrbyxw=="],

    "@rolldown/binding-freebsd-x64": ["@rolldown/binding-freebsd-x64@1.0.0-rc.15", "", { "os": "freebsd", "cpu": "x64" }, "sha512-9Erhx956jeQ0nNTyif1+QWAXDRD38ZNjr//bSHrt6wDwB+QkAfl2q6Mn1k6OBPerznjRmbM10lgRb1Pli4xZPw=="],

    "@rolldown/binding-linux-arm-gnueabihf": ["@rolldown/binding-linux-arm-gnueabihf@1.0.0-rc.15", "", { "os": "linux", "cpu": "arm" }, "sha512-cVwk0w8QbZJGTnP/AHQBs5yNwmpgGYStL88t4UIaqcvYJWBfS0s3oqVLZPwsPU6M0zlW4GqjP0Zq5MnAGwFeGA=="],

    "@rolldown/binding-linux-arm64-gnu": ["@rolldown/binding-linux-arm64-gnu@1.0.0-rc.15", "", { "os": "linux", "cpu": "arm64" }, "sha512-eBZ/u8iAK9SoHGanqe/jrPnY0JvBN6iXbVOsbO38mbz+ZJsaobExAm1Iu+rxa4S1l2FjG0qEZn4Rc6X8n+9M+w=="],

    "@rolldown/binding-linux-arm64-musl": ["@rolldown/binding-linux-arm64-musl@1.0.0-rc.15", "", { "os": "linux", "cpu": "arm64" }, "sha512-ZvRYMGrAklV9PEkgt4LQM6MjQX2P58HPAuecwYObY2DhS2t35R0I810bKi0wmaYORt6m/2Sm+Z+nFgb0WhXNcQ=="],

    "@rolldown/binding-linux-ppc64-gnu": ["@rolldown/binding-linux-ppc64-gnu@1.0.0-rc.15", "", { "os": "linux", "cpu": "ppc64" }, "sha512-VDpgGBzgfg5hLg+uBpCLoFG5kVvEyafmfxGUV0UHLcL5irxAK7PKNeC2MwClgk6ZAiNhmo9FLhRYgvMmedLtnQ=="],

    "@rolldown/binding-linux-s390x-gnu": ["@rolldown/binding-linux-s390x-gnu@1.0.0-rc.15", "", { "os": "linux", "cpu": "s390x" }, "sha512-y1uXY3qQWCzcPgRJATPSOUP4tCemh4uBdY7e3EZbVwCJTY3gLJWnQABgeUetvED+bt1FQ01OeZwvhLS2bpNrAQ=="],

    "@rolldown/binding-linux-x64-gnu": ["@rolldown/binding-linux-x64-gnu@1.0.0-rc.15", "", { "os": "linux", "cpu": "x64" }, "sha512-023bTPBod7J3Y/4fzAN6QtpkSABR0rigtrwaP+qSEabUh5zf6ELr9Nc7GujaROuPY3uwdSIXWrvhn1KxOvurWA=="],

    "@rolldown/binding-linux-x64-musl": ["@rolldown/binding-linux-x64-musl@1.0.0-rc.15", "", { "os": "linux", "cpu": "x64" }, "sha512-witB2O0/hU4CgfOOKUoeFgQ4GktPi1eEbAhaLAIpgD6+ZnhcPkUtPsoKKHRzmOoWPZue46IThdSgdo4XneOLYw=="],

    "@rolldown/binding-openharmony-arm64": ["@rolldown/binding-openharmony-arm64@1.0.0-rc.15", "", { "os": "none", "cpu": "arm64" }, "sha512-UCL68NJ0Ud5zRipXZE9dF5PmirzJE4E4BCIOOssEnM7wLDsxjc6Qb0sGDxTNRTP53I6MZpygyCpY8Aa8sPfKPg=="],

    "@rolldown/binding-wasm32-wasi": ["@rolldown/binding-wasm32-wasi@1.0.0-rc.15", "", { "dependencies": { "@emnapi/core": "1.9.2", "@emnapi/runtime": "1.9.2", "@napi-rs/wasm-runtime": "^1.1.3" }, "cpu": "none" }, "sha512-ApLruZq/ig+nhaE7OJm4lDjayUnOHVUa77zGeqnqZ9pn0ovdVbbNPerVibLXDmWeUZXjIYIT8V3xkT58Rm9u5Q=="],

    "@rolldown/binding-win32-arm64-msvc": ["@rolldown/binding-win32-arm64-msvc@1.0.0-rc.15", "", { "os": "win32", "cpu": "arm64" }, "sha512-KmoUoU7HnN+Si5YWJigfTws1jz1bKBYDQKdbLspz0UaqjjFkddHsqorgiW1mxcAj88lYUE6NC/zJNwT+SloqtA=="],

    "@rolldown/binding-win32-x64-msvc": ["@rolldown/binding-win32-x64-msvc@1.0.0-rc.15", "", { "os": "win32", "cpu": "x64" }, "sha512-3P2A8L+x75qavWLe/Dll3EYBJLQmtkJN8rfh+U/eR3MqMgL/h98PhYI+JFfXuDPgPeCB7iZAKiqii5vqOvnA0g=="],

    "@rolldown/pluginutils": ["@rolldown/pluginutils@1.0.0-rc.15", "", {}, "sha512-UromN0peaE53IaBRe9W7CjrZgXl90fqGpK+mIZbA3qSTeYqg3pqpROBdIPvOG3F5ereDHNwoHBI2e50n1BDr1g=="],

    "@tybys/wasm-util": ["@tybys/wasm-util@0.10.1", "", { "dependencies": { "tslib": "^2.4.0" } }, "sha512-9tTaPJLSiejZKx+Bmog4uSubteqTvFrVrURwkmHixBo0G4seD0zUxp98E1DzUBJxLQ3NPwXrGKDiVjwx/DpPsg=="],

    "@types/node": ["@types/node@25.6.0", "", { "dependencies": { "undici-types": "~7.19.0" } }, "sha512-+qIYRKdNYJwY3vRCZMdJbPLJAtGjQBudzZzdzwQYkEPQd+PJGixUL5QfvCLDaULoLv+RhT3LDkwEfKaAkgSmNQ=="],

    "@types/react": ["@types/react@19.2.14", "", { "dependencies": { "csstype": "^3.2.2" } }, "sha512-ilcTH/UniCkMdtexkoCN0bI7pMcJDvmQFPvuPvmEaYA/NSfFTAgdUSLAoVjaRJm7+6PvcM+q1zYOwS4wTYMF9w=="],

    "@types/react-dom": ["@types/react-dom@19.2.3", "", { "peerDependencies": { "@types/react": "^19.2.0" } }, "sha512-jp2L/eY6fn+KgVVQAOqYItbF0VY/YApe5Mz2F0aykSO8gx31bYCZyvSeYxCHKvzHG5eZjc+zyaS5BrBWya2+kQ=="],

    "@types/trusted-types": ["@types/trusted-types@2.0.7", "", {}, "sha512-ScaPdn1dQczgbl0QFTeTOmVHFULt394XJgOQNoyVhZ6r2vLnMLJfBPd53SB52T/3G36VI1/g2MZaX0cwDuXsfw=="],

    "asynckit": ["asynckit@0.4.0", "", {}, "sha512-Oei9OH4tRh0YqU3GxhX79dM/mwVgvbZJaSNaRk+bshkj0S5cfHcgYakreBjrHwatXKbz+IoIdYLxrKim2MjW0Q=="],

    "call-bind-apply-helpers": ["call-bind-apply-helpers@1.0.2", "", { "dependencies": { "es-errors": "^1.3.0", "function-bind": "^1.1.2" } }, "sha512-Sp1ablJ0ivDkSzjcaJdxEunN5/XvksFJ2sMBFfq6x0ryhQV/2b/KwFe21cMpmHtPOSij8K99/wSfoEuTObmuMQ=="],

    "camelcase": ["camelcase@6.3.0", "", {}, "sha512-Gmy6FhYlCY7uOElZUSbxo2UCDH8owEk996gkbrpsgGtrJLM3J7jGxl9Ic7Qwwj4ivOE5AWZWRMecDdF7hqGjFA=="],

    "camelcase-css": ["camelcase-css@2.0.1", "", {}, "sha512-QOSvevhslijgYwRx6Rv7zKdMF8lbRmx+uQGx2+vDc+KI/eBnsy9kit5aj23AgGu3pa4t9AgwbnXWqS+iOY+2aA=="],

    "clsx": ["clsx@2.1.1", "", {}, "sha512-eYm0QWBtUrBWZWG0d386OGAw16Z995PiOVo2B7bjWSbHedGl5e0ZWaq65kOGgUSNesEIDkB9ISbTg/JK9dhCZA=="],

    "combined-stream": ["combined-stream@1.0.8", "", { "dependencies": { "delayed-stream": "1.0.0" } }, "sha512-FQN4MRfuJeHf7cBbBMJFXhKSDq+2kAArBlmRBvcvFE5BB1HZKXtSFASDhdlz9zOYwxh8lDdnvmMOe/+5cdoEdg=="],

    "cssesc": ["cssesc@3.0.0", "", { "bin": { "cssesc": "bin/cssesc" } }, "sha512-/Tb/JcjK111nNScGob5MNtsntNM1aCNUDipB/TkwZFhyDrrE47SOx/18wF2bbjgc3ZzCSKW1T5nt5EbFoAz/Vg=="],

    "csstype": ["csstype@3.2.3", "", {}, "sha512-z1HGKcYy2xA8AGQfwrn0PAy+PB7X/GSj3UVJW9qKyn43xWa+gl5nXmU4qqLMRzWVLFC8KusUX8T/0kCiOYpAIQ=="],

    "date-fns": ["date-fns@4.1.0", "", {}, "sha512-Ukq0owbQXxa/U3EGtsdVBkR1w7KOQ5gIBqdH2hkvknzZPYvBxb/aa6E8L7tmjFtkwZBu3UXBbjIgPo/Ez4xaNg=="],

    "debug": ["debug@4.3.7", "", { "dependencies": { "ms": "2.1.3" } }, "sha512-Er2nc/H7RrMXZBFCEim6TCmMk02Z8vLC2Rbi1KEBggpo0fS6l0S1nnapwmIi3yW/+GOJap1Krg4w0Hg80oCqgQ=="],

    "deepmerge": ["deepmerge@4.3.1", "", {}, "sha512-3sUqbMEc77XqpdNO7FRyRog+eW3ph+GYCbj+rK+uYyRMuwsVy0rMiVtPn+QJlKFvWP/1PYpapqYn0Me2knFn+A=="],

    "delayed-stream": ["delayed-stream@1.0.0", "", {}, "sha512-ZySD7Nf91aLB0RxL4KGrKHBXl7Eds1DAmEdcoVawXnLD7SDhpNgtuII2aAkg7a7QS41jxPSZ17p4VdGnMHk3MQ=="],

    "detect-libc": ["detect-libc@2.1.2", "", {}, "sha512-Btj2BOOO83o3WyH59e8MgXsxEQVcarkUOpEYrubB0urwnN10yQ364rsiByU11nZlqWYZm05i/of7io4mzihBtQ=="],

    "detect-node-es": ["detect-node-es@1.1.0", "", {}, "sha512-ypdmJU/TbBby2Dxibuv7ZLW3Bs1QEmM7nHjEANfohJLvE0XVujisn1qPJcZxg+qDucsr+bP6fLD1rPS3AhJ7EQ=="],

    "dompurify": ["dompurify@3.2.4", "", { "optionalDependencies": { "@types/trusted-types": "^2.0.7" } }, "sha512-ysFSFEDVduQpyhzAob/kkuJjf5zWkZD8/A9ywSp1byueyuCfHamrCBa14/Oc2iiB0e51B+NpxSl5gmzn+Ms/mg=="],

    "dot-case": ["dot-case@3.0.4", "", { "dependencies": { "no-case": "3.0.4", "tslib": "2.7.0" } }, "sha512-Kv5nKlh6yRrdrGvxeJ2e5y2eRUpkUosIW4A2AS38zwSz27zu7ufDwQPi5Jhs3XAlGNetl3bmnGhQsMtkKJnj3w=="],

    "dunder-proto": ["dunder-proto@1.0.1", "", { "dependencies": { "call-bind-apply-helpers": "^1.0.1", "es-errors": "^1.3.0", "gopd": "^1.2.0" } }, "sha512-KIN/nDJBQRcXw0MLVhZE9iQHmG68qAVIBg9CqmUYjmQIhgij9U5MFvrqkUL5FbtyyzZuOeOt0zdeRe4UY7ct+A=="],

    "emoji-regex": ["emoji-regex@10.6.0", "", {}, "sha512-toUI84YS5YmxW219erniWD0CIVOo46xGKColeNQRgOzDorgBi1v4D71/OFzgD9GO2UGKIv1C3Sp8DAn0+j5w7A=="],

    "es-define-property": ["es-define-property@1.0.1", "", {}, "sha512-e3nRfgfUZ4rNGL232gUgX06QNyyez04KdjFrF+LTRoOXmrOgFKDg4BCdsjW8EnT69eqdYGmRpJwiPVYNrCaW3g=="],

    "es-errors": ["es-errors@1.3.0", "", {}, "sha512-Zf5H2Kxt2xjTvbJvP2ZWLEICxA6j+hAmMzIlypy4xcBg1vKVnx89Wy0GbS+kf5cwCVFFzdCFh2XSCFNULS6csw=="],

    "es-object-atoms": ["es-object-atoms@1.1.1", "", { "dependencies": { "es-errors": "^1.3.0" } }, "sha512-FGgH2h8zKNim9ljj7dankFPcICIK9Cp5bm+c2gQSYePhpaG5+esrLODihIorn+Pe6FGJzWhXQotPv73jTaldXA=="],

    "es-set-tostringtag": ["es-set-tostringtag@2.1.0", "", { "dependencies": { "es-errors": "^1.3.0", "get-intrinsic": "^1.2.6", "has-tostringtag": "^1.0.2", "hasown": "^2.0.2" } }, "sha512-j6vWzfrGVfyXxge+O0x5sh6cvxAog0a/4Rdd2K36zCMV5eJ+/+tOAngRO8cODMNWbVRdVlmGZQL2YS3yR8bIUA=="],

    "eventemitter3": ["eventemitter3@4.0.7", "", {}, "sha512-8guHBZCwKnFhYdHr2ysuRWErTwhoN2X8XELRlrRwpmfeY2jjuUN4taQMsULKUVo1K4DvZl+0pgfyoysHxvmvEw=="],

    "fast-deep-equal": ["fast-deep-equal@3.1.3", "", {}, "sha512-f3qQ9oQy9j2AhBe/H9VC91wLmKBCCU/gDOnKNAYG5hswO7BLKj09Hc5HYNz9cGI++xlpDCIgDaitVs03ATR84Q=="],

    "fdir": ["fdir@6.5.0", "", { "peerDependencies": { "picomatch": "^3 || ^4" }, "optionalPeers": ["picomatch"] }, "sha512-tIbYtZbucOs0BRGqPJkshJUYdL+SDH7dVM8gjy+ERp3WAUjLEFJE+02kanyHtwjWOnwrKYBiwAmM0p4kLJAnXg=="],

    "form-data": ["form-data@4.0.5", "", { "dependencies": { "asynckit": "^0.4.0", "combined-stream": "^1.0.8", "es-set-tostringtag": "^2.1.0", "hasown": "^2.0.2", "mime-types": "^2.1.12" } }, "sha512-8RipRLol37bNs2bhoV67fiTEvdTrbMUYcFTiy3+wuuOnUog2QBHCZWXDRijWQfAkhBj2Uf5UnVaiWwA5vdd82w=="],

    "fsevents": ["fsevents@2.3.3", "", { "os": "darwin" }, "sha512-5xoDfX+fL7faATnagmWPpbFtwh/R77WmMMqqHGS65C3vvB0YHrgF+B1YmZ3441tMj5n63k0212XNoJwzlhffQw=="],

    "function-bind": ["function-bind@1.1.2", "", {}, "sha512-7XHNxH7qX9xG5mIwxkhumTox/MIRNcOgDrxWsMt2pAr23WHp6MrRlN7FBSFpCpr+oVO0F744iUgR82nJMfG2SA=="],

    "get-intrinsic": ["get-intrinsic@1.3.0", "", { "dependencies": { "call-bind-apply-helpers": "^1.0.2", "es-define-property": "^1.0.1", "es-errors": "^1.3.0", "es-object-atoms": "^1.1.1", "function-bind": "^1.1.2", "get-proto": "^1.0.1", "gopd": "^1.2.0", "has-symbols": "^1.1.0", "hasown": "^2.0.2", "math-intrinsics": "^1.1.0" } }, "sha512-9fSjSaos/fRIVIp+xSJlE6lfwhES7LNtKaCBIamHsjr2na1BiABJPo0mOjjz8GJDURarmCPGqaiVg5mfjb98CQ=="],

    "get-nonce": ["get-nonce@1.0.1", "", {}, "sha512-FJhYRoDaiatfEkUK8HKlicmu/3SGFD51q3itKDGoSTysQJBnfOcxU5GxnhE1E6soB76MbT0MBtnKJuXyAx+96Q=="],

    "get-proto": ["get-proto@1.0.1", "", { "dependencies": { "dunder-proto": "^1.0.1", "es-object-atoms": "^1.0.0" } }, "sha512-sTSfBjoXBp89JvIKIefqw7U2CCebsc74kiY6awiGogKtoSGbgjYE/G/+l9sF3MWFPNc9IcoOC4ODfKHfxFmp0g=="],

    "globrex": ["globrex@0.1.2", "", {}, "sha512-uHJgbwAMwNFf5mLst7IWLNg14x1CkeqglJb/K3doi4dw6q2IvAAmM/Y81kevy83wP+Sst+nutFTYOGg3d1lsxg=="],

    "gopd": ["gopd@1.2.0", "", {}, "sha512-ZUKRh6/kUFoAiTAtTYPZJ3hw9wNxx+BIBOijnlG9PnrJsCcSjs1wyyD6vJpaYtgnzDrKYRSqf3OO6Rfa93xsRg=="],

    "has-symbols": ["has-symbols@1.1.0", "", {}, "sha512-1cDNdwJ2Jaohmb3sg4OmKaMBwuC48sYni5HUw2DvsC8LjGTLK9h+eb1X6RyuOHe4hT0ULCW68iomhjUoKUqlPQ=="],

    "has-tostringtag": ["has-tostringtag@1.0.2", "", { "dependencies": { "has-symbols": "^1.0.3" } }, "sha512-NqADB8VjPFLM2V0VvHUewwwsw0ZWBaIdgo+ieHtK3hasLz4qeCRjYcqfB6AQrBggRKppKF8L52/VqdVsO47Dlw=="],

    "hasown": ["hasown@2.0.2", "", { "dependencies": { "function-bind": "^1.1.2" } }, "sha512-0hJU9SCPvmMzIBdZFqNPXWa6dqh7WdH0cII9y+CyS8rG3nL48Bclra9HmKhVVUHyPWNH5Y7xDwAB7bfgSjkUMQ=="],

    "husky": ["husky@9.1.7", "", { "bin": { "husky": "bin.js" } }, "sha512-5gs5ytaNjBrh5Ow3zrvdUUY+0VxIuWVL4i9irt6friV+BqdCfmV11CQTWMiBYWHbXhco+J1kHfTOUkePhCDvMA=="],

    "inherits": ["inherits@2.0.3", "", {}, "sha512-x00IRNXNy63jwGkJmzPigoySHbaqpNuzKbBOmzK+g2OdZpQ9w+sxCN+VSB3ja7IAge2OP2qpfxTjeNcyjmW1uw=="],

    "lightningcss": ["lightningcss@1.32.0", "", { "dependencies": { "detect-libc": "^2.0.3" }, "optionalDependencies": { "lightningcss-android-arm64": "1.32.0", "lightningcss-darwin-arm64": "1.32.0", "lightningcss-darwin-x64": "1.32.0", "lightningcss-freebsd-x64": "1.32.0", "lightningcss-linux-arm-gnueabihf": "1.32.0", "lightningcss-linux-arm64-gnu": "1.32.0", "lightningcss-linux-arm64-musl": "1.32.0", "lightningcss-linux-x64-gnu": "1.32.0", "lightningcss-linux-x64-musl": "1.32.0", "lightningcss-win32-arm64-msvc": "1.32.0", "lightningcss-win32-x64-msvc": "1.32.0" } }, "sha512-NXYBzinNrblfraPGyrbPoD19C1h9lfI/1mzgWYvXUTe414Gz/X1FD2XBZSZM7rRTrMA8JL3OtAaGifrIKhQ5yQ=="],

    "lightningcss-android-arm64": ["lightningcss-android-arm64@1.32.0", "", { "os": "android", "cpu": "arm64" }, "sha512-YK7/ClTt4kAK0vo6w3X+Pnm0D2cf2vPHbhOXdoNti1Ga0al1P4TBZhwjATvjNwLEBCnKvjJc2jQgHXH0NEwlAg=="],

    "lightningcss-darwin-arm64": ["lightningcss-darwin-arm64@1.32.0", "", { "os": "darwin", "cpu": "arm64" }, "sha512-RzeG9Ju5bag2Bv1/lwlVJvBE3q6TtXskdZLLCyfg5pt+HLz9BqlICO7LZM7VHNTTn/5PRhHFBSjk5lc4cmscPQ=="],

    "lightningcss-darwin-x64": ["lightningcss-darwin-x64@1.32.0", "", { "os": "darwin", "cpu": "x64" }, "sha512-U+QsBp2m/s2wqpUYT/6wnlagdZbtZdndSmut/NJqlCcMLTWp5muCrID+K5UJ6jqD2BFshejCYXniPDbNh73V8w=="],

    "lightningcss-freebsd-x64": ["lightningcss-freebsd-x64@1.32.0", "", { "os": "freebsd", "cpu": "x64" }, "sha512-JCTigedEksZk3tHTTthnMdVfGf61Fky8Ji2E4YjUTEQX14xiy/lTzXnu1vwiZe3bYe0q+SpsSH/CTeDXK6WHig=="],

    "lightningcss-linux-arm-gnueabihf": ["lightningcss-linux-arm-gnueabihf@1.32.0", "", { "os": "linux", "cpu": "arm" }, "sha512-x6rnnpRa2GL0zQOkt6rts3YDPzduLpWvwAF6EMhXFVZXD4tPrBkEFqzGowzCsIWsPjqSK+tyNEODUBXeeVHSkw=="],

    "lightningcss-linux-arm64-gnu": ["lightningcss-linux-arm64-gnu@1.32.0", "", { "os": "linux", "cpu": "arm64" }, "sha512-0nnMyoyOLRJXfbMOilaSRcLH3Jw5z9HDNGfT/gwCPgaDjnx0i8w7vBzFLFR1f6CMLKF8gVbebmkUN3fa/kQJpQ=="],

    "lightningcss-linux-arm64-musl": ["lightningcss-linux-arm64-musl@1.32.0", "", { "os": "linux", "cpu": "arm64" }, "sha512-UpQkoenr4UJEzgVIYpI80lDFvRmPVg6oqboNHfoH4CQIfNA+HOrZ7Mo7KZP02dC6LjghPQJeBsvXhJod/wnIBg=="],

    "lightningcss-linux-x64-gnu": ["lightningcss-linux-x64-gnu@1.32.0", "", { "os": "linux", "cpu": "x64" }, "sha512-V7Qr52IhZmdKPVr+Vtw8o+WLsQJYCTd8loIfpDaMRWGUZfBOYEJeyJIkqGIDMZPwPx24pUMfwSxxI8phr/MbOA=="],

    "lightningcss-linux-x64-musl": ["lightningcss-linux-x64-musl@1.32.0", "", { "os": "linux", "cpu": "x64" }, "sha512-bYcLp+Vb0awsiXg/80uCRezCYHNg1/l3mt0gzHnWV9XP1W5sKa5/TCdGWaR/zBM2PeF/HbsQv/j2URNOiVuxWg=="],

    "lightningcss-win32-arm64-msvc": ["lightningcss-win32-arm64-msvc@1.32.0", "", { "os": "win32", "cpu": "arm64" }, "sha512-8SbC8BR40pS6baCM8sbtYDSwEVQd4JlFTOlaD3gWGHfThTcABnNDBda6eTZeqbofalIJhFx0qKzgHJmcPTnGdw=="],

    "lightningcss-win32-x64-msvc": ["lightningcss-win32-x64-msvc@1.32.0", "", { "os": "win32", "cpu": "x64" }, "sha512-Amq9B/SoZYdDi1kFrojnoqPLxYhQ4Wo5XiL8EVJrVsB8ARoC1PWW6VGtT0WKCemjy8aC+louJnjS7U18x3b06Q=="],

    "lodash-es": ["lodash-es@4.17.21", "", {}, "sha512-mKnC+QJ9pWVzv+C4/U3rRsHapFfHvQFoFB92e52xeyGMcX6/OlIl78je1u8vePzYZSkkogMPJ2yjxxsb89cxyw=="],

    "logseq-dateutils": ["logseq-dateutils@2.1.2", "", { "dependencies": { "date-fns": "2.30.0" } }, "sha512-N4WD6VynVC+rMQr4+BSLu/bvLhYnLc9/DBjNASIZroC0Rf7Ymwxm/G84unVxVi6iR7Y21T/4UhJEEtzfIIOQaw=="],

    "lower-case": ["lower-case@2.0.2", "", { "dependencies": { "tslib": "2.7.0" } }, "sha512-7fm3l3NAF9WfN6W3JOmf5drwpVqX78JtoGJ3A6W0a6ZnldM41w2fV5D490psKFTpMds8TJse/eHLFFsNHHjHgg=="],

    "magic-string": ["magic-string@0.26.7", "", { "dependencies": { "sourcemap-codec": "1.4.8" } }, "sha512-hX9XH3ziStPoPhJxLq1syWuZMxbDvGNbVchfrdCtanC7D13888bMFow61x8axrx+GfHLtVeAx2kxL7tTGRl+Ow=="],

    "math-intrinsics": ["math-intrinsics@1.1.0", "", {}, "sha512-/IXtbwEk5HTPyEwyKX6hGkYXxM9nbj64B+ilVJnC/R6B0pH5G4V3b0pVbL7DBj4tkhBAppbQUlf6F6Xl9LHu1g=="],

    "mime-db": ["mime-db@1.52.0", "", {}, "sha512-sPU4uV7dYlvtWJxwwxHD0PuihVNiE7TyAbQ5SWxDCB9mUYvOgroQOwYQQOKPJ8CIbE+1ETVlOoK1UC2nU3gYvg=="],

    "mime-types": ["mime-types@2.1.35", "", { "dependencies": { "mime-db": "1.52.0" } }, "sha512-ZDY+bPm5zTTF+YpCrAU9nK0UgICYPT0QtT1NZWFv4s++TNkcgVaT0g6+4R2uI4MjQjzysHB1zxuWL50hzaeXiw=="],

    "ms": ["ms@2.1.3", "", {}, "sha512-6FlzubTLZG3J2a/NVCAleEhjzq5oxgHyaCU9yYXvcLsvoVaHJq/s5xXI6/XXP6tz7R9xAOtHnSO/tXtF3WRTlA=="],

    "nanoid": ["nanoid@3.3.11", "", { "bin": { "nanoid": "bin/nanoid.cjs" } }, "sha512-N8SpfPUnUp1bK+PMYW8qSWdl9U+wwNWI4QKxOYDy9JAro3WMX7p2OeVRF9v+347pnakNevPmiHhNmZ2HbFA76w=="],

    "no-case": ["no-case@3.0.4", "", { "dependencies": { "lower-case": "2.0.2", "tslib": "2.7.0" } }, "sha512-fgAN3jGAh+RoxUGZHTSOLJIqUc2wmoBwGR4tbpNAKmmovFoWq0OdRkb0VkldReO2a2iBT/OEulG9XSUc10r3zg=="],

    "path": ["path@0.12.7", "", { "dependencies": { "process": "0.11.10", "util": "0.10.4" } }, "sha512-aXXC6s+1w7otVF9UletFkFcDsJeO7lSZBPUQhtb5O0xJe8LtYhj/GxldoL09bBj9+ZmE2hNoHqQSFMN5fikh4Q=="],

    "picocolors": ["picocolors@1.1.1", "", {}, "sha512-xceH2snhtb5M9liqDsmEw56le376mTZkEX/jEb/RxNFyegNul7eNslCXP9FDj/Lcu0X8KEyMceP2ntpaHrDEVA=="],

    "picomatch": ["picomatch@4.0.4", "", {}, "sha512-QP88BAKvMam/3NxH6vj2o21R6MjxZUAd6nlwAS/pnGvN9IVLocLHxGYIzFhg6fUQ+5th6P4dv4eW9jX3DSIj7A=="],

    "postcss": ["postcss@8.5.9", "", { "dependencies": { "nanoid": "^3.3.11", "picocolors": "^1.1.1", "source-map-js": "^1.2.1" } }, "sha512-7a70Nsot+EMX9fFU3064K/kdHWZqGVY+BADLyXc8Dfv+mTLLVl6JzJpPaCZ2kQL9gIJvKXSLMHhqdRRjwQeFtw=="],

    "postcss-js": ["postcss-js@4.0.1", "", { "dependencies": { "camelcase-css": "2.0.1" }, "peerDependencies": { "postcss": "8.4.45" } }, "sha512-dDLF8pEO191hJMtlHFPRa8xsizHaM82MLfNkUHdUtVEV3tgTp5oj+8qbEqYM57SLfc74KSbw//4SeJma2LRVIw=="],

    "postcss-mixins": ["postcss-mixins@12.1.2", "", { "dependencies": { "postcss-js": "^4.0.1", "postcss-simple-vars": "^7.0.1", "sugarss": "^5.0.0", "tinyglobby": "^0.2.14" }, "peerDependencies": { "postcss": "^8.2.14" } }, "sha512-90pSxmZVfbX9e5xCv7tI5RV1mnjdf16y89CJKbf/hD7GyOz1FCxcYMl8ZYA8Hc56dbApTKKmU9HfvgfWdCxlwg=="],

    "postcss-nested": ["postcss-nested@7.0.2", "", { "dependencies": { "postcss-selector-parser": "^7.0.0" }, "peerDependencies": { "postcss": "^8.2.14" } }, "sha512-5osppouFc0VR9/VYzYxO03VaDa3e8F23Kfd6/9qcZTUI8P58GIYlArOET2Wq0ywSl2o2PjELhYOFI4W7l5QHKw=="],

    "postcss-preset-mantine": ["postcss-preset-mantine@1.18.0", "", { "dependencies": { "postcss-mixins": "^12.0.0", "postcss-nested": "^7.0.2" }, "peerDependencies": { "postcss": ">=8.0.0" } }, "sha512-sP6/s1oC7cOtBdl4mw/IRKmKvYTuzpRrH/vT6v9enMU/EQEQ31eQnHcWtFghOXLH87AAthjL/Q75rLmin1oZoA=="],

    "postcss-selector-parser": ["postcss-selector-parser@7.1.1", "", { "dependencies": { "cssesc": "^3.0.0", "util-deprecate": "^1.0.2" } }, "sha512-orRsuYpJVw8LdAwqqLykBj9ecS5/cRHlI5+nvTo8LcCKmzDmqVORXtOIYEEQuL9D4BxtA1lm5isAqzQZCoQ6Eg=="],

    "postcss-simple-vars": ["postcss-simple-vars@7.0.1", "", { "peerDependencies": { "postcss": "8.4.45" } }, "sha512-5GLLXaS8qmzHMOjVxqkk1TZPf1jMqesiI7qLhnlyERalG0sMbHIbJqrcnrpmZdKCLglHnRHoEBB61RtGTsj++A=="],

    "prettier": ["prettier@3.8.2", "", { "bin": { "prettier": "bin/prettier.cjs" } }, "sha512-8c3mgTe0ASwWAJK+78dpviD+A8EqhndQPUBpNUIPt6+xWlIigCwfN01lWr9MAede4uqXGTEKeQWTvzb3vjia0Q=="],

    "process": ["process@0.11.10", "", {}, "sha512-cdGef/drWFoydD1JsMzuFf8100nZl+GT+yacc2bEced5f9Rjk4z+WtFUTBu9PhOi9j/jfmBPu0mMEY4wIdAF8A=="],

    "react": ["react@19.2.5", "", {}, "sha512-llUJLzz1zTUBrskt2pwZgLq59AemifIftw4aB7JxOqf1HY2FDaGDxgwpAPVzHU1kdWabH7FauP4i1oEeer2WCA=="],

    "react-dom": ["react-dom@19.2.5", "", { "dependencies": { "scheduler": "^0.27.0" }, "peerDependencies": { "react": "^19.2.5" } }, "sha512-J5bAZz+DXMMwW/wV3xzKke59Af6CHY7G4uYLN1OvBcKEsWOs4pQExj86BBKamxl/Ik5bx9whOrvBlSDfWzgSag=="],

    "react-hook-form": ["react-hook-form@7.72.1", "", { "peerDependencies": { "react": "^16.8.0 || ^17 || ^18 || ^19" } }, "sha512-RhwBoy2ygeVZje+C+bwJ8g0NjTdBmDlJvAUHTxRjTmSUKPYsKfMphkS2sgEMotsY03bP358yEYlnUeZy//D9Ig=="],

    "react-number-format": ["react-number-format@5.4.5", "", { "peerDependencies": { "react": "^0.14 || ^15.0.0 || ^16.0.0 || ^17.0.0 || ^18.0.0 || ^19.0.0", "react-dom": "^0.14 || ^15.0.0 || ^16.0.0 || ^17.0.0 || ^18.0.0 || ^19.0.0" } }, "sha512-y8O2yHHj3w0aE9XO8d2BCcUOOdQTRSVq+WIuMlLVucAm5XNjJAy+BoOJiuQMldVYVOKTMyvVNfnbl2Oqp+YxGw=="],

    "react-remove-scroll": ["react-remove-scroll@2.7.2", "", { "dependencies": { "react-remove-scroll-bar": "^2.3.7", "react-style-singleton": "^2.2.3", "tslib": "^2.1.0", "use-callback-ref": "^1.3.3", "use-sidecar": "^1.1.3" }, "peerDependencies": { "@types/react": "*", "react": "^16.8.0 || ^17.0.0 || ^18.0.0 || ^19.0.0 || ^19.0.0-rc" }, "optionalPeers": ["@types/react"] }, "sha512-Iqb9NjCCTt6Hf+vOdNIZGdTiH1QSqr27H/Ek9sv/a97gfueI/5h1s3yRi1nngzMUaOOToin5dI1dXKdXiF+u0Q=="],

    "react-remove-scroll-bar": ["react-remove-scroll-bar@2.3.8", "", { "dependencies": { "react-style-singleton": "^2.2.2", "tslib": "^2.0.0" }, "peerDependencies": { "@types/react": "*", "react": "^16.8.0 || ^17.0.0 || ^18.0.0 || ^19.0.0" }, "optionalPeers": ["@types/react"] }, "sha512-9r+yi9+mgU33AKcj6IbT9oRCO78WriSj6t/cF8DWBZJ9aOGPOTEDvdUDz1FwKim7QXWwmHqtdHnRJfhAxEG46Q=="],

    "react-style-singleton": ["react-style-singleton@2.2.3", "", { "dependencies": { "get-nonce": "^1.0.0", "tslib": "^2.0.0" }, "peerDependencies": { "@types/react": "*", "react": "^16.8.0 || ^17.0.0 || ^18.0.0 || ^19.0.0 || ^19.0.0-rc" }, "optionalPeers": ["@types/react"] }, "sha512-b6jSvxvVnyptAiLjbkWLE/lOnR4lfTtDAl+eUC7RZy+QQWc6wRzIV2CE6xBuMmDxc2qIihtDCZD5NPOFl7fRBQ=="],

    "regenerator-runtime": ["regenerator-runtime@0.14.1", "", {}, "sha512-dYnhHh0nJoMfnkZs6GmmhFknAGRrLznOu5nc9ML+EJxGvrx6H7teuevqVqCuPcPK//3eDrrjQhehXVx9cnkGdw=="],

    "rolldown": ["rolldown@1.0.0-rc.15", "", { "dependencies": { "@oxc-project/types": "=0.124.0", "@rolldown/pluginutils": "1.0.0-rc.15" }, "optionalDependencies": { "@rolldown/binding-android-arm64": "1.0.0-rc.15", "@rolldown/binding-darwin-arm64": "1.0.0-rc.15", "@rolldown/binding-darwin-x64": "1.0.0-rc.15", "@rolldown/binding-freebsd-x64": "1.0.0-rc.15", "@rolldown/binding-linux-arm-gnueabihf": "1.0.0-rc.15", "@rolldown/binding-linux-arm64-gnu": "1.0.0-rc.15", "@rolldown/binding-linux-arm64-musl": "1.0.0-rc.15", "@rolldown/binding-linux-ppc64-gnu": "1.0.0-rc.15", "@rolldown/binding-linux-s390x-gnu": "1.0.0-rc.15", "@rolldown/binding-linux-x64-gnu": "1.0.0-rc.15", "@rolldown/binding-linux-x64-musl": "1.0.0-rc.15", "@rolldown/binding-openharmony-arm64": "1.0.0-rc.15", "@rolldown/binding-wasm32-wasi": "1.0.0-rc.15", "@rolldown/binding-win32-arm64-msvc": "1.0.0-rc.15", "@rolldown/binding-win32-x64-msvc": "1.0.0-rc.15" }, "bin": { "rolldown": "bin/cli.mjs" } }, "sha512-Ff31guA5zT6WjnGp0SXw76X6hzGRk/OQq2hE+1lcDe+lJdHSgnSX6nK3erbONHyCbpSj9a9E+uX/OvytZoWp2g=="],

    "scheduler": ["scheduler@0.27.0", "", {}, "sha512-eNv+WrVbKu1f3vbYJT/xtiF5syA5HPIMtf9IgY/nKg0sWqzAUEvqY/xm7OcZc/qafLx/iO9FgOmeSAp4v5ti/Q=="],

    "snake-case": ["snake-case@3.0.4", "", { "dependencies": { "dot-case": "3.0.4", "tslib": "2.7.0" } }, "sha512-LAOh4z89bGQvl9pFfNF8V146i7o7/CqFPbqzYgP+yYzDIDeS9HaNFtXABamRW+AQzEVODcvE79ljJ+8a9YSdMg=="],

    "source-map-js": ["source-map-js@1.2.1", "", {}, "sha512-UXWMKhLOwVKb728IUtQPXxfYU+usdybtUrK/8uGE8CQMvrhOpwvzDBwj0QhSL7MQc7vIsISBG8VQ8+IDQxpfQA=="],

    "sourcemap-codec": ["sourcemap-codec@1.4.8", "", {}, "sha512-9NykojV5Uih4lgo5So5dtw+f0JgJX30KCNI8gwhz2J9A15wD0Ml6tjHKwf6fTSa6fAdVBdZeNOs9eJ71qCk8vA=="],

    "sugarss": ["sugarss@5.0.1", "", { "peerDependencies": { "postcss": "^8.3.3" } }, "sha512-ctS5RYCBVvPoZAnzIaX5QSShK8ZiZxD5HUqSxlusvEMC+QZQIPCPOIJg6aceFX+K2rf4+SH89eu++h1Zmsr2nw=="],

    "tabbable": ["tabbable@6.2.0", "", {}, "sha512-Cat63mxsVJlzYvN51JmVXIgNoUokrIaT2zLclCXjRd8boZ0004U4KCs/sToJ75C6sdlByWxpYnb5Boif1VSFew=="],

    "tagged-tag": ["tagged-tag@1.0.0", "", {}, "sha512-yEFYrVhod+hdNyx7g5Bnkkb0G6si8HJurOoOEgC8B/O0uXLHlaey/65KRv6cuWBNhBgHKAROVpc7QyYqE5gFng=="],

    "tinyglobby": ["tinyglobby@0.2.15", "", { "dependencies": { "fdir": "^6.5.0", "picomatch": "^4.0.3" } }, "sha512-j2Zq4NyQYG5XMST4cbs02Ak8iJUdxRM0XI5QyxXuZOzKOINmWurp3smXu3y5wDcJrptwpSjgXHzIQxR0omXljQ=="],

    "ts-custom-error": ["ts-custom-error@3.3.1", "", {}, "sha512-5OX1tzOjxWEgsr/YEUWSuPrQ00deKLh6D7OTWcvNHm12/7QPyRh8SYpyWvA4IZv8H/+GQWQEh/kwo95Q9OVW1A=="],

    "tsconfck": ["tsconfck@3.1.3", "", { "optionalDependencies": { "typescript": "5.5.4" }, "bin": { "tsconfck": "bin/tsconfck.js" } }, "sha512-ulNZP1SVpRDesxeMLON/LtWM8HIgAJEIVpVVhBM6gsmvQ8+Rh+ZG7FWGvHh7Ah3pRABwVJWklWCr/BTZSv0xnQ=="],

    "tslib": ["tslib@2.7.0", "", {}, "sha512-gLXCKdN1/j47AiHiOkJN69hJmcbGTHI0ImLmbYLHykhgeN0jVGola9yVjFgzCUklsZQMW55o+dW7IXv3RCXDzA=="],

    "type-fest": ["type-fest@5.5.0", "", { "dependencies": { "tagged-tag": "^1.0.0" } }, "sha512-PlBfpQwiUvGViBNX84Yxwjsdhd1TUlXr6zjX7eoirtCPIr08NAmxwa+fcYBTeRQxHo9YC9wwF3m9i700sHma8g=="],

    "typescript": ["typescript@6.0.2", "", { "bin": { "tsc": "bin/tsc", "tsserver": "bin/tsserver" } }, "sha512-bGdAIrZ0wiGDo5l8c++HWtbaNCWTS4UTv7RaTH/ThVIgjkveJt83m74bBHMJkuCbslY8ixgLBVZJIOiQlQTjfQ=="],

    "undici": ["undici@7.22.0", "", {}, "sha512-RqslV2Us5BrllB+JeiZnK4peryVTndy9Dnqq62S3yYRRTj0tFQCwEniUy2167skdGOy3vqRzEvl1Dm4sV2ReDg=="],

    "undici-types": ["undici-types@7.19.2", "", {}, "sha512-qYVnV5OEm2AW8cJMCpdV20CDyaN3g0AjDlOGf1OW4iaDEx8MwdtChUp4zu4H0VP3nDRF/8RKWH+IPp9uW0YGZg=="],

    "use-callback-ref": ["use-callback-ref@1.3.3", "", { "dependencies": { "tslib": "^2.0.0" }, "peerDependencies": { "@types/react": "*", "react": "^16.8.0 || ^17.0.0 || ^18.0.0 || ^19.0.0 || ^19.0.0-rc" }, "optionalPeers": ["@types/react"] }, "sha512-jQL3lRnocaFtu3V00JToYz/4QkNWswxijDaCVNZRiRTO3HQDLsdu1ZtmIUvV4yPp+rvWm5j0y0TG/S61cuijTg=="],

    "use-sidecar": ["use-sidecar@1.1.3", "", { "dependencies": { "detect-node-es": "^1.1.0", "tslib": "^2.0.0" }, "peerDependencies": { "@types/react": "*", "react": "^16.8.0 || ^17.0.0 || ^18.0.0 || ^19.0.0 || ^19.0.0-rc" }, "optionalPeers": ["@types/react"] }, "sha512-Fedw0aZvkhynoPYlA5WXrMCAMm+nSWdZt6lzJQ7Ok8S6Q+VsHmHpRWndVRJ8Be0ZbkfPc5LRYH+5XrzXcEeLRQ=="],

    "util": ["util@0.10.4", "", { "dependencies": { "inherits": "2.0.3" } }, "sha512-0Pm9hTQ3se5ll1XihRic3FDIku70C+iHUdT/W926rSgHV5QgXsYbKZN8MSC3tJtSkhuROzvsQjAaFENRXr+19A=="],

    "util-deprecate": ["util-deprecate@1.0.2", "", {}, "sha512-EPD5q1uXyFxJpCrLnCc1nHnq3gOa6DZBocAIiI2TaSCA7VCJ1UJDMagCzIkXNsUYfD1daK//LTEQ8xiIbrHtcw=="],

    "uuid": ["uuid@13.0.0", "", { "bin": { "uuid": "dist-node/bin/uuid" } }, "sha512-XQegIaBTVUjSHliKqcnFqYypAd4S+WCYt5NIeRs6w/UAry7z8Y9j5ZwRRL4kzq9U3sD6v+85er9FvkEaBpji2w=="],

    "vite": ["vite@8.0.8", "", { "dependencies": { "lightningcss": "^1.32.0", "picomatch": "^4.0.4", "postcss": "^8.5.8", "rolldown": "1.0.0-rc.15", "tinyglobby": "^0.2.15" }, "optionalDependencies": { "fsevents": "~2.3.3" }, "peerDependencies": { "@types/node": "^20.19.0 || >=22.12.0", "@vitejs/devtools": "^0.1.0", "esbuild": "^0.27.0 || ^0.28.0", "jiti": ">=1.21.0", "less": "^4.0.0", "sass": "^1.70.0", "sass-embedded": "^1.70.0", "stylus": ">=0.54.8", "sugarss": "^5.0.0", "terser": "^5.16.0", "tsx": "^4.8.1", "yaml": "^2.4.2" }, "optionalPeers": ["@types/node", "@vitejs/devtools", "esbuild", "jiti", "less", "sass", "sass-embedded", "stylus", "sugarss", "terser", "tsx", "yaml"], "bin": { "vite": "bin/vite.js" } }, "sha512-dbU7/iLVa8KZALJyLOBOQ88nOXtNG8vxKuOT4I2mD+Ya70KPceF4IAmDsmU0h1Qsn5bPrvsY9HJstCRh3hG6Uw=="],

    "vite-plugin-logseq": ["vite-plugin-logseq@1.1.2", "", { "dependencies": { "magic-string": "0.26.7" } }, "sha512-l5YvoH3K25Zx9eqgoJFug7NfVqSPwq7/FcYYhN1TkdG8ZOiD+c+TAwdCS2dJbGgvx8GmSpbgwSZWgslB+wH53g=="],

    "vite-tsconfig-paths": ["vite-tsconfig-paths@6.1.1", "", { "dependencies": { "debug": "^4.1.1", "globrex": "^0.1.2", "tsconfck": "^3.0.3" }, "peerDependencies": { "vite": "*" } }, "sha512-2cihq7zliibCCZ8P9cKJrQBkfgdvcFkOOc3Y02o3GWUDLgqjWsZudaoiuOwO/gzTzy17cS5F7ZPo4bsnS4DGkg=="],

    "wretch": ["wretch@3.0.7", "", {}, "sha512-1zvhHLcwjGx5OMGHcdkuVmHWd/8NQ0gS4oV6+Er1YTnav4QTMTDl7ZI5QklELNVsX1BDNQk2kUrhoUSILomelg=="],

    "zod": ["zod@4.3.6", "", {}, "sha512-rftlrkhHZOcjDwkGlnUtZZkvaPHCsDATp4pGpuOOMDaTdDDXF91wuVDJoWoPsKX/3YPQ5fHuF3STjcYyKr+Qhg=="],

    "@doist/todoist-sdk/type-fest": ["type-fest@4.41.0", "", {}, "sha512-TeTSQ6H5YHvpqVwBRcnLDCBnDOHWYu7IvGbHT6N8AOymcr9PJGjc1GTtiWZTYg0NCgYwvnYWEkVChQAr9bjfwA=="],

    "@doist/todoist-sdk/uuid": ["uuid@11.1.0", "", { "bin": { "uuid": "dist/esm/bin/uuid" } }, "sha512-0/A9rDy9P7cJ+8w1c9WD9V//9Wj15Ce2MPz8Ri6032usz+NfePxx5AcN3bN+r6ZL6jEo066/yNYB3tn4pQEx+A=="],

    "@logseq/libs/csstype": ["csstype@3.1.0", "", {}, "sha512-uX1KG+x9h5hIJsaKR9xHUeUraxf8IODOwq9JLNPq6BwB04a/xgpq3rcx47l5BZu5zBPlgD342tdke3Hom/nJRA=="],

    "@logseq/libs/debug": ["debug@4.3.4", "", { "dependencies": { "ms": "2.1.2" } }, "sha512-PRWFHuSU3eDtQJPvnNY7Jcket1j0t5OuOsFzPPzsekD52Zl8qUfFIPEiswXqIvHWGVHOgX+7G/vCNNhehwxfkQ=="],

    "logseq-dateutils/date-fns": ["date-fns@2.30.0", "", { "dependencies": { "@babel/runtime": "7.25.6" } }, "sha512-fnULvOpxnC5/Vg3NCiWelDsLiUc9bRwAPs/+LfTLNvetFCtCTN+yQz15C/fs4AwX1R9K5GLtLfn8QW+dWisaAw=="],

    "tinyglobby/picomatch": ["picomatch@4.0.3", "", {}, "sha512-5gTmgEY/sqK6gFXLIsQNH19lWb4ebPDLA4SdLP7dsWkIXHWlG66oPuVvXSGFPppYZz8ZDZq0dYYrbHfBCVUb1Q=="],

    "tsconfck/typescript": ["typescript@5.5.4", "", { "bin": { "tsc": "bin/tsc", "tsserver": "bin/tsserver" } }, "sha512-Mtq29sKDAEYP7aljRgtPOpTvOfbwRWlS6dPRzwjdE+C0R4brX/GUyhHSecbHMFLNBLcJIPt9nl9yG5TZ1weH+Q=="],

    "@logseq/libs/debug/ms": ["ms@2.1.2", "", {}, "sha512-sGkPx+VjMtmA6MX27oA4FBFELFCZZ4S4XqeGOXCv68tT+jb3vk/RyaKWP0PTKyWtmLSM0b+adUTEvbs1PEaH2w=="],
  }
}
