{
  "lockfileVersion": 1,
  "configVersion": 1,
  "workspaces": {
    "": {
      "name": "logseq-todoist-plugin",
      "dependencies": {
        "@doist/todoist-api-typescript": "^6.5.1",
        "@logseq/libs": "^0.2.9",
        "@mantine/core": "^8.3.15",
        "@mantine/hooks": "^8.3.15",
        "date-fns": "^4.1.0",
        "logseq-dateutils": "^2.1.2",
        "react": "^19.2.4",
        "react-dom": "^19.2.4",
        "react-hook-form": "^7.71.2",
        "uuid": "^13.0.0",
        "wretch": "^3.0.6",
      },
      "devDependencies": {
        "@biomejs/biome": "2.3.11",
        "@types/node": "^25.3.0",
        "@types/react": "^19.2.14",
        "@types/react-dom": "^19.2.3",
        "husky": "^9.1.7",
        "postcss": "^8.5.6",
        "postcss-preset-mantine": "^1.18.0",
        "postcss-simple-vars": "^7.0.1",
        "prettier": "^3.8.1",
        "typescript": "^5.9.3",
        "vite": "^7.3.1",
        "vite-plugin-logseq": "^1.1.2",
        "vite-tsconfig-paths": "^6.1.1",
      },
    },
  },
  "packages": {
    "@babel/runtime": ["@babel/runtime@7.25.6", "", { "dependencies": { "regenerator-runtime": "0.14.1" } }, "sha512-VBj9MYyDb9tuLq7yzqjgzt6Q+IBQLrGZfdjOekyEirZPHxXWoTSGUTMrpsfi58Up73d13NfYLv8HT9vmznjzhQ=="],

    "@biomejs/biome": ["@biomejs/biome@2.3.11", "", { "optionalDependencies": { "@biomejs/cli-darwin-arm64": "2.3.11", "@biomejs/cli-darwin-x64": "2.3.11", "@biomejs/cli-linux-arm64": "2.3.11", "@biomejs/cli-linux-arm64-musl": "2.3.11", "@biomejs/cli-linux-x64": "2.3.11", "@biomejs/cli-linux-x64-musl": "2.3.11", "@biomejs/cli-win32-arm64": "2.3.11", "@biomejs/cli-win32-x64": "2.3.11" }, "bin": { "biome": "bin/biome" } }, "sha512-/zt+6qazBWguPG6+eWmiELqO+9jRsMZ/DBU3lfuU2ngtIQYzymocHhKiZRyrbra4aCOoyTg/BmY+6WH5mv9xmQ=="],

    "@biomejs/cli-darwin-arm64": ["@biomejs/cli-darwin-arm64@2.3.11", "", { "os": "darwin", "cpu": "arm64" }, "sha512-/uXXkBcPKVQY7rc9Ys2CrlirBJYbpESEDme7RKiBD6MmqR2w3j0+ZZXRIL2xiaNPsIMMNhP1YnA+jRRxoOAFrA=="],

    "@biomejs/cli-darwin-x64": ["@biomejs/cli-darwin-x64@2.3.11", "", { "os": "darwin", "cpu": "x64" }, "sha512-fh7nnvbweDPm2xEmFjfmq7zSUiox88plgdHF9OIW4i99WnXrAC3o2P3ag9judoUMv8FCSUnlwJCM1B64nO5Fbg=="],

    "@biomejs/cli-linux-arm64": ["@biomejs/cli-linux-arm64@2.3.11", "", { "os": "linux", "cpu": "arm64" }, "sha512-l4xkGa9E7Uc0/05qU2lMYfN1H+fzzkHgaJoy98wO+b/7Gl78srbCRRgwYSW+BTLixTBrM6Ede5NSBwt7rd/i6g=="],

    "@biomejs/cli-linux-arm64-musl": ["@biomejs/cli-linux-arm64-musl@2.3.11", "", { "os": "linux", "cpu": "arm64" }, "sha512-XPSQ+XIPZMLaZ6zveQdwNjbX+QdROEd1zPgMwD47zvHV+tCGB88VH+aynyGxAHdzL+Tm/+DtKST5SECs4iwCLg=="],

    "@biomejs/cli-linux-x64": ["@biomejs/cli-linux-x64@2.3.11", "", { "os": "linux", "cpu": "x64" }, "sha512-/1s9V/H3cSe0r0Mv/Z8JryF5x9ywRxywomqZVLHAoa/uN0eY7F8gEngWKNS5vbbN/BsfpCG5yeBT5ENh50Frxg=="],

    "@biomejs/cli-linux-x64-musl": ["@biomejs/cli-linux-x64-musl@2.3.11", "", { "os": "linux", "cpu": "x64" }, "sha512-vU7a8wLs5C9yJ4CB8a44r12aXYb8yYgBn+WeyzbMjaCMklzCv1oXr8x+VEyWodgJt9bDmhiaW/I0RHbn7rsNmw=="],

    "@biomejs/cli-win32-arm64": ["@biomejs/cli-win32-arm64@2.3.11", "", { "os": "win32", "cpu": "arm64" }, "sha512-PZQ6ElCOnkYapSsysiTy0+fYX+agXPlWugh6+eQ6uPKI3vKAqNp6TnMhoM3oY2NltSB89hz59o8xIfOdyhi9Iw=="],

    "@biomejs/cli-win32-x64": ["@biomejs/cli-win32-x64@2.3.11", "", { "os": "win32", "cpu": "x64" }, "sha512-43VrG813EW+b5+YbDbz31uUsheX+qFKCpXeY9kfdAx+ww3naKxeVkTD9zLIWxUPfJquANMHrmW3wbe/037G0Qg=="],

    "@doist/todoist-api-typescript": ["@doist/todoist-api-typescript@6.5.1", "", { "dependencies": { "camelcase": "6.3.0", "emoji-regex": "10.6.0", "form-data": "4.0.5", "ts-custom-error": "^3.2.0", "undici": "^7.16.0", "uuid": "11.1.0", "zod": "4.3.6" }, "peerDependencies": { "type-fest": "^4.12.0" } }, "sha512-2L9XLU68mH4fLwvk4YGBuz0ObmAnp3SpiCkze/0d4pLENC3Vfz8DNv/7qcpp5RfcL8kV1NXeWBe9mqOnKjjIBA=="],

    "@esbuild/aix-ppc64": ["@esbuild/aix-ppc64@0.27.3", "", { "os": "aix", "cpu": "ppc64" }, "sha512-9fJMTNFTWZMh5qwrBItuziu834eOCUcEqymSH7pY+zoMVEZg3gcPuBNxH1EvfVYe9h0x/Ptw8KBzv7qxb7l8dg=="],

    "@esbuild/android-arm": ["@esbuild/android-arm@0.27.3", "", { "os": "android", "cpu": "arm" }, "sha512-i5D1hPY7GIQmXlXhs2w8AWHhenb00+GxjxRncS2ZM7YNVGNfaMxgzSGuO8o8SJzRc/oZwU2bcScvVERk03QhzA=="],

    "@esbuild/android-arm64": ["@esbuild/android-arm64@0.27.3", "", { "os": "android", "cpu": "arm64" }, "sha512-YdghPYUmj/FX2SYKJ0OZxf+iaKgMsKHVPF1MAq/P8WirnSpCStzKJFjOjzsW0QQ7oIAiccHdcqjbHmJxRb/dmg=="],

    "@esbuild/android-x64": ["@esbuild/android-x64@0.27.3", "", { "os": "android", "cpu": "x64" }, "sha512-IN/0BNTkHtk8lkOM8JWAYFg4ORxBkZQf9zXiEOfERX/CzxW3Vg1ewAhU7QSWQpVIzTW+b8Xy+lGzdYXV6UZObQ=="],

    "@esbuild/darwin-arm64": ["@esbuild/darwin-arm64@0.27.3", "", { "os": "darwin", "cpu": "arm64" }, "sha512-Re491k7ByTVRy0t3EKWajdLIr0gz2kKKfzafkth4Q8A5n1xTHrkqZgLLjFEHVD+AXdUGgQMq+Godfq45mGpCKg=="],

    "@esbuild/darwin-x64": ["@esbuild/darwin-x64@0.27.3", "", { "os": "darwin", "cpu": "x64" }, "sha512-vHk/hA7/1AckjGzRqi6wbo+jaShzRowYip6rt6q7VYEDX4LEy1pZfDpdxCBnGtl+A5zq8iXDcyuxwtv3hNtHFg=="],

    "@esbuild/freebsd-arm64": ["@esbuild/freebsd-arm64@0.27.3", "", { "os": "freebsd", "cpu": "arm64" }, "sha512-ipTYM2fjt3kQAYOvo6vcxJx3nBYAzPjgTCk7QEgZG8AUO3ydUhvelmhrbOheMnGOlaSFUoHXB6un+A7q4ygY9w=="],

    "@esbuild/freebsd-x64": ["@esbuild/freebsd-x64@0.27.3", "", { "os": "freebsd", "cpu": "x64" }, "sha512-dDk0X87T7mI6U3K9VjWtHOXqwAMJBNN2r7bejDsc+j03SEjtD9HrOl8gVFByeM0aJksoUuUVU9TBaZa2rgj0oA=="],

    "@esbuild/linux-arm": ["@esbuild/linux-arm@0.27.3", "", { "os": "linux", "cpu": "arm" }, "sha512-s6nPv2QkSupJwLYyfS+gwdirm0ukyTFNl3KTgZEAiJDd+iHZcbTPPcWCcRYH+WlNbwChgH2QkE9NSlNrMT8Gfw=="],

    "@esbuild/linux-arm64": ["@esbuild/linux-arm64@0.27.3", "", { "os": "linux", "cpu": "arm64" }, "sha512-sZOuFz/xWnZ4KH3YfFrKCf1WyPZHakVzTiqji3WDc0BCl2kBwiJLCXpzLzUBLgmp4veFZdvN5ChW4Eq/8Fc2Fg=="],

    "@esbuild/linux-ia32": ["@esbuild/linux-ia32@0.27.3", "", { "os": "linux", "cpu": "ia32" }, "sha512-yGlQYjdxtLdh0a3jHjuwOrxQjOZYD/C9PfdbgJJF3TIZWnm/tMd/RcNiLngiu4iwcBAOezdnSLAwQDPqTmtTYg=="],

    "@esbuild/linux-loong64": ["@esbuild/linux-loong64@0.27.3", "", { "os": "linux", "cpu": "none" }, "sha512-WO60Sn8ly3gtzhyjATDgieJNet/KqsDlX5nRC5Y3oTFcS1l0KWba+SEa9Ja1GfDqSF1z6hif/SkpQJbL63cgOA=="],

    "@esbuild/linux-mips64el": ["@esbuild/linux-mips64el@0.27.3", "", { "os": "linux", "cpu": "none" }, "sha512-APsymYA6sGcZ4pD6k+UxbDjOFSvPWyZhjaiPyl/f79xKxwTnrn5QUnXR5prvetuaSMsb4jgeHewIDCIWljrSxw=="],

    "@esbuild/linux-ppc64": ["@esbuild/linux-ppc64@0.27.3", "", { "os": "linux", "cpu": "ppc64" }, "sha512-eizBnTeBefojtDb9nSh4vvVQ3V9Qf9Df01PfawPcRzJH4gFSgrObw+LveUyDoKU3kxi5+9RJTCWlj4FjYXVPEA=="],

    "@esbuild/linux-riscv64": ["@esbuild/linux-riscv64@0.27.3", "", { "os": "linux", "cpu": "none" }, "sha512-3Emwh0r5wmfm3ssTWRQSyVhbOHvqegUDRd0WhmXKX2mkHJe1SFCMJhagUleMq+Uci34wLSipf8Lagt4LlpRFWQ=="],

    "@esbuild/linux-s390x": ["@esbuild/linux-s390x@0.27.3", "", { "os": "linux", "cpu": "s390x" }, "sha512-pBHUx9LzXWBc7MFIEEL0yD/ZVtNgLytvx60gES28GcWMqil8ElCYR4kvbV2BDqsHOvVDRrOxGySBM9Fcv744hw=="],

    "@esbuild/linux-x64": ["@esbuild/linux-x64@0.27.3", "", { "os": "linux", "cpu": "x64" }, "sha512-Czi8yzXUWIQYAtL/2y6vogER8pvcsOsk5cpwL4Gk5nJqH5UZiVByIY8Eorm5R13gq+DQKYg0+JyQoytLQas4dA=="],

    "@esbuild/netbsd-arm64": ["@esbuild/netbsd-arm64@0.27.3", "", { "os": "none", "cpu": "arm64" }, "sha512-sDpk0RgmTCR/5HguIZa9n9u+HVKf40fbEUt+iTzSnCaGvY9kFP0YKBWZtJaraonFnqef5SlJ8/TiPAxzyS+UoA=="],

    "@esbuild/netbsd-x64": ["@esbuild/netbsd-x64@0.27.3", "", { "os": "none", "cpu": "x64" }, "sha512-P14lFKJl/DdaE00LItAukUdZO5iqNH7+PjoBm+fLQjtxfcfFE20Xf5CrLsmZdq5LFFZzb5JMZ9grUwvtVYzjiA=="],

    "@esbuild/openbsd-arm64": ["@esbuild/openbsd-arm64@0.27.3", "", { "os": "openbsd", "cpu": "arm64" }, "sha512-AIcMP77AvirGbRl/UZFTq5hjXK+2wC7qFRGoHSDrZ5v5b8DK/GYpXW3CPRL53NkvDqb9D+alBiC/dV0Fb7eJcw=="],

    "@esbuild/openbsd-x64": ["@esbuild/openbsd-x64@0.27.3", "", { "os": "openbsd", "cpu": "x64" }, "sha512-DnW2sRrBzA+YnE70LKqnM3P+z8vehfJWHXECbwBmH/CU51z6FiqTQTHFenPlHmo3a8UgpLyH3PT+87OViOh1AQ=="],

    "@esbuild/openharmony-arm64": ["@esbuild/openharmony-arm64@0.27.3", "", { "os": "none", "cpu": "arm64" }, "sha512-NinAEgr/etERPTsZJ7aEZQvvg/A6IsZG/LgZy+81wON2huV7SrK3e63dU0XhyZP4RKGyTm7aOgmQk0bGp0fy2g=="],

    "@esbuild/sunos-x64": ["@esbuild/sunos-x64@0.27.3", "", { "os": "sunos", "cpu": "x64" }, "sha512-PanZ+nEz+eWoBJ8/f8HKxTTD172SKwdXebZ0ndd953gt1HRBbhMsaNqjTyYLGLPdoWHy4zLU7bDVJztF5f3BHA=="],

    "@esbuild/win32-arm64": ["@esbuild/win32-arm64@0.27.3", "", { "os": "win32", "cpu": "arm64" }, "sha512-B2t59lWWYrbRDw/tjiWOuzSsFh1Y/E95ofKz7rIVYSQkUYBjfSgf6oeYPNWHToFRr2zx52JKApIcAS/D5TUBnA=="],

    "@esbuild/win32-ia32": ["@esbuild/win32-ia32@0.27.3", "", { "os": "win32", "cpu": "ia32" }, "sha512-QLKSFeXNS8+tHW7tZpMtjlNb7HKau0QDpwm49u0vUp9y1WOF+PEzkU84y9GqYaAVW8aH8f3GcBck26jh54cX4Q=="],

    "@esbuild/win32-x64": ["@esbuild/win32-x64@0.27.3", "", { "os": "win32", "cpu": "x64" }, "sha512-4uJGhsxuptu3OcpVAzli+/gWusVGwZZHTlS63hh++ehExkVT8SgiEf7/uC/PclrPPkLhZqGgCTjd0VWLo6xMqA=="],

    "@floating-ui/core": ["@floating-ui/core@1.7.4", "", { "dependencies": { "@floating-ui/utils": "^0.2.10" } }, "sha512-C3HlIdsBxszvm5McXlB8PeOEWfBhcGBTZGkGlWc2U0KFY5IwG5OQEuQ8rq52DZmcHDlPLd+YFBK+cZcytwIFWg=="],

    "@floating-ui/dom": ["@floating-ui/dom@1.7.5", "", { "dependencies": { "@floating-ui/core": "^1.7.4", "@floating-ui/utils": "^0.2.10" } }, "sha512-N0bD2kIPInNHUHehXhMke1rBGs1dwqvC9O9KYMyyjK7iXt7GAhnro7UlcuYcGdS/yYOlq0MAVgrow8IbWJwyqg=="],

    "@floating-ui/react": ["@floating-ui/react@0.27.18", "", { "dependencies": { "@floating-ui/react-dom": "^2.1.7", "@floating-ui/utils": "^0.2.10", "tabbable": "^6.0.0" }, "peerDependencies": { "react": ">=17.0.0", "react-dom": ">=17.0.0" } }, "sha512-xJWJxvmy3a05j643gQt+pRbht5XnTlGpsEsAPnMi5F5YTOEEJymA90uZKBD8OvIv5XvZ1qi4GcccSlqT3Bq44Q=="],

    "@floating-ui/react-dom": ["@floating-ui/react-dom@2.1.7", "", { "dependencies": { "@floating-ui/dom": "^1.7.5" }, "peerDependencies": { "react": ">=16.8.0", "react-dom": ">=16.8.0" } }, "sha512-0tLRojf/1Go2JgEVm+3Frg9A3IW8bJgKgdO0BN5RkF//ufuz2joZM63Npau2ff3J6lUVYgDSNzNkR+aH3IVfjg=="],

    "@floating-ui/utils": ["@floating-ui/utils@0.2.10", "", {}, "sha512-aGTxbpbg8/b5JfU1HXSrbH3wXZuLPJcNEcZQFMxLs3oSzgtVu6nFPkbbGGUvBcUjKV2YyB9Wxxabo+HEH9tcRQ=="],

    "@logseq/libs": ["@logseq/libs@0.2.9", "", { "dependencies": { "csstype": "3.1.0", "debug": "4.3.4", "deepmerge": "4.3.1", "dompurify": "3.2.4", "eventemitter3": "4.0.7", "fast-deep-equal": "3.1.3", "lodash-es": "4.17.21", "path": "0.12.7", "snake-case": "3.0.4" } }, "sha512-TzP2Pm7dkiVpslmSIDXPQgbIm2KoJMnUbQNHtZu/S6XapVCRNphLzyjBxwrYrCYPYOb2rUn05xUi8Tsvyt+eBA=="],

    "@mantine/core": ["@mantine/core@8.3.15", "", { "dependencies": { "@floating-ui/react": "^0.27.16", "clsx": "^2.1.1", "react-number-format": "^5.4.4", "react-remove-scroll": "^2.7.1", "react-textarea-autosize": "8.5.9", "type-fest": "^4.41.0" }, "peerDependencies": { "@mantine/hooks": "8.3.15", "react": "^18.x || ^19.x", "react-dom": "^18.x || ^19.x" } }, "sha512-wBn/GogB4x7a2Uj7Ztt3amRaApjED+9XqfE4wyCLh88R7KV55k9vnTdCx+irI/GLOOu9tXNUGm3a4t5sTajwkQ=="],

    "@mantine/hooks": ["@mantine/hooks@8.3.15", "", { "peerDependencies": { "react": "^18.x || ^19.x" } }, "sha512-AUSnpUlzttHzJht3CJ1YWi16iy6NWRwtyWO5RLGHHsmiW05DyG0qOPKF8+R5dLHuOCnl3XOu4roI2Y1ku9U04Q=="],

    "@rollup/rollup-android-arm-eabi": ["@rollup/rollup-android-arm-eabi@4.58.0", "", { "os": "android", "cpu": "arm" }, "sha512-mr0tmS/4FoVk1cnaeN244A/wjvGDNItZKR8hRhnmCzygyRXYtKF5jVDSIILR1U97CTzAYmbgIj/Dukg62ggG5w=="],

    "@rollup/rollup-android-arm64": ["@rollup/rollup-android-arm64@4.58.0", "", { "os": "android", "cpu": "arm64" }, "sha512-+s++dbp+/RTte62mQD9wLSbiMTV+xr/PeRJEc/sFZFSBRlHPNPVaf5FXlzAL77Mr8FtSfQqCN+I598M8U41ccQ=="],

    "@rollup/rollup-darwin-arm64": ["@rollup/rollup-darwin-arm64@4.58.0", "", { "os": "darwin", "cpu": "arm64" }, "sha512-MFWBwTcYs0jZbINQBXHfSrpSQJq3IUOakcKPzfeSznONop14Pxuqa0Kg19GD0rNBMPQI2tFtu3UzapZpH0Uc1Q=="],

    "@rollup/rollup-darwin-x64": ["@rollup/rollup-darwin-x64@4.58.0", "", { "os": "darwin", "cpu": "x64" }, "sha512-yiKJY7pj9c9JwzuKYLFaDZw5gma3fI9bkPEIyofvVfsPqjCWPglSHdpdwXpKGvDeYDms3Qal8qGMEHZ1M/4Udg=="],

    "@rollup/rollup-freebsd-arm64": ["@rollup/rollup-freebsd-arm64@4.58.0", "", { "os": "freebsd", "cpu": "arm64" }, "sha512-x97kCoBh5MOevpn/CNK9W1x8BEzO238541BGWBc315uOlN0AD/ifZ1msg+ZQB05Ux+VF6EcYqpiagfLJ8U3LvQ=="],

    "@rollup/rollup-freebsd-x64": ["@rollup/rollup-freebsd-x64@4.58.0", "", { "os": "freebsd", "cpu": "x64" }, "sha512-Aa8jPoZ6IQAG2eIrcXPpjRcMjROMFxCt1UYPZZtCxRV68WkuSigYtQ/7Zwrcr2IvtNJo7T2JfDXyMLxq5L4Jlg=="],

    "@rollup/rollup-linux-arm-gnueabihf": ["@rollup/rollup-linux-arm-gnueabihf@4.58.0", "", { "os": "linux", "cpu": "arm" }, "sha512-Ob8YgT5kD/lSIYW2Rcngs5kNB/44Q2RzBSPz9brf2WEtcGR7/f/E9HeHn1wYaAwKBni+bdXEwgHvUd0x12lQSA=="],

    "@rollup/rollup-linux-arm-musleabihf": ["@rollup/rollup-linux-arm-musleabihf@4.58.0", "", { "os": "linux", "cpu": "arm" }, "sha512-K+RI5oP1ceqoadvNt1FecL17Qtw/n9BgRSzxif3rTL2QlIu88ccvY+Y9nnHe/cmT5zbH9+bpiJuG1mGHRVwF4Q=="],

    "@rollup/rollup-linux-arm64-gnu": ["@rollup/rollup-linux-arm64-gnu@4.58.0", "", { "os": "linux", "cpu": "arm64" }, "sha512-T+17JAsCKUjmbopcKepJjHWHXSjeW7O5PL7lEFaeQmiVyw4kkc5/lyYKzrv6ElWRX/MrEWfPiJWqbTvfIvjM1Q=="],

    "@rollup/rollup-linux-arm64-musl": ["@rollup/rollup-linux-arm64-musl@4.58.0", "", { "os": "linux", "cpu": "arm64" }, "sha512-cCePktb9+6R9itIJdeCFF9txPU7pQeEHB5AbHu/MKsfH/k70ZtOeq1k4YAtBv9Z7mmKI5/wOLYjQ+B9QdxR6LA=="],

    "@rollup/rollup-linux-loong64-gnu": ["@rollup/rollup-linux-loong64-gnu@4.58.0", "", { "os": "linux", "cpu": "none" }, "sha512-iekUaLkfliAsDl4/xSdoCJ1gnnIXvoNz85C8U8+ZxknM5pBStfZjeXgB8lXobDQvvPRCN8FPmmuTtH+z95HTmg=="],

    "@rollup/rollup-linux-loong64-musl": ["@rollup/rollup-linux-loong64-musl@4.58.0", "", { "os": "linux", "cpu": "none" }, "sha512-68ofRgJNl/jYJbxFjCKE7IwhbfxOl1muPN4KbIqAIe32lm22KmU7E8OPvyy68HTNkI2iV/c8y2kSPSm2mW/Q9Q=="],

    "@rollup/rollup-linux-ppc64-gnu": ["@rollup/rollup-linux-ppc64-gnu@4.58.0", "", { "os": "linux", "cpu": "ppc64" }, "sha512-dpz8vT0i+JqUKuSNPCP5SYyIV2Lh0sNL1+FhM7eLC457d5B9/BC3kDPp5BBftMmTNsBarcPcoz5UGSsnCiw4XQ=="],

    "@rollup/rollup-linux-ppc64-musl": ["@rollup/rollup-linux-ppc64-musl@4.58.0", "", { "os": "linux", "cpu": "ppc64" }, "sha512-4gdkkf9UJ7tafnweBCR/mk4jf3Jfl0cKX9Np80t5i78kjIH0ZdezUv/JDI2VtruE5lunfACqftJ8dIMGN4oHew=="],

    "@rollup/rollup-linux-riscv64-gnu": ["@rollup/rollup-linux-riscv64-gnu@4.58.0", "", { "os": "linux", "cpu": "none" }, "sha512-YFS4vPnOkDTD/JriUeeZurFYoJhPf9GQQEF/v4lltp3mVcBmnsAdjEWhr2cjUCZzZNzxCG0HZOvJU44UGHSdzw=="],

    "@rollup/rollup-linux-riscv64-musl": ["@rollup/rollup-linux-riscv64-musl@4.58.0", "", { "os": "linux", "cpu": "none" }, "sha512-x2xgZlFne+QVNKV8b4wwaCS8pwq3y14zedZ5DqLzjdRITvreBk//4Knbcvm7+lWmms9V9qFp60MtUd0/t/PXPw=="],

    "@rollup/rollup-linux-s390x-gnu": ["@rollup/rollup-linux-s390x-gnu@4.58.0", "", { "os": "linux", "cpu": "s390x" }, "sha512-jIhrujyn4UnWF8S+DHSkAkDEO3hLX0cjzxJZPLF80xFyzyUIYgSMRcYQ3+uqEoyDD2beGq7Dj7edi8OnJcS/hg=="],

    "@rollup/rollup-linux-x64-gnu": ["@rollup/rollup-linux-x64-gnu@4.58.0", "", { "os": "linux", "cpu": "x64" }, "sha512-+410Srdoh78MKSJxTQ+hZ/Mx+ajd6RjjPwBPNd0R3J9FtL6ZA0GqiiyNjCO9In0IzZkCNrpGymSfn+kgyPQocg=="],

    "@rollup/rollup-linux-x64-musl": ["@rollup/rollup-linux-x64-musl@4.58.0", "", { "os": "linux", "cpu": "x64" }, "sha512-ZjMyby5SICi227y1MTR3VYBpFTdZs823Rs/hpakufleBoufoOIB6jtm9FEoxn/cgO7l6PM2rCEl5Kre5vX0QrQ=="],

    "@rollup/rollup-openbsd-x64": ["@rollup/rollup-openbsd-x64@4.58.0", "", { "os": "openbsd", "cpu": "x64" }, "sha512-ds4iwfYkSQ0k1nb8LTcyXw//ToHOnNTJtceySpL3fa7tc/AsE+UpUFphW126A6fKBGJD5dhRvg8zw1rvoGFxmw=="],

    "@rollup/rollup-openharmony-arm64": ["@rollup/rollup-openharmony-arm64@4.58.0", "", { "os": "none", "cpu": "arm64" }, "sha512-fd/zpJniln4ICdPkjWFhZYeY/bpnaN9pGa6ko+5WD38I0tTqk9lXMgXZg09MNdhpARngmxiCg0B0XUamNw/5BQ=="],

    "@rollup/rollup-win32-arm64-msvc": ["@rollup/rollup-win32-arm64-msvc@4.58.0", "", { "os": "win32", "cpu": "arm64" }, "sha512-YpG8dUOip7DCz3nr/JUfPbIUo+2d/dy++5bFzgi4ugOGBIox+qMbbqt/JoORwvI/C9Kn2tz6+Bieoqd5+B1CjA=="],

    "@rollup/rollup-win32-ia32-msvc": ["@rollup/rollup-win32-ia32-msvc@4.58.0", "", { "os": "win32", "cpu": "ia32" }, "sha512-b9DI8jpFQVh4hIXFr0/+N/TzLdpBIoPzjt0Rt4xJbW3mzguV3mduR9cNgiuFcuL/TeORejJhCWiAXe3E/6PxWA=="],

    "@rollup/rollup-win32-x64-gnu": ["@rollup/rollup-win32-x64-gnu@4.58.0", "", { "os": "win32", "cpu": "x64" }, "sha512-CSrVpmoRJFN06LL9xhkitkwUcTZtIotYAF5p6XOR2zW0Zz5mzb3IPpcoPhB02frzMHFNo1reQ9xSF5fFm3hUsQ=="],

    "@rollup/rollup-win32-x64-msvc": ["@rollup/rollup-win32-x64-msvc@4.58.0", "", { "os": "win32", "cpu": "x64" }, "sha512-QFsBgQNTnh5K0t/sBsjJLq24YVqEIVkGpfN2VHsnN90soZyhaiA9UUHufcctVNL4ypJY0wrwad0wslx2KJQ1/w=="],

    "@types/estree": ["@types/estree@1.0.8", "", {}, "sha512-dWHzHa2WqEXI/O1E9OjrocMTKJl2mSrEolh1Iomrv6U+JuNwaHXsXx9bLu5gG7BUWFIN0skIQJQ/L1rIex4X6w=="],

    "@types/node": ["@types/node@25.3.0", "", { "dependencies": { "undici-types": "~7.18.0" } }, "sha512-4K3bqJpXpqfg2XKGK9bpDTc6xO/xoUP/RBWS7AtRMug6zZFaRekiLzjVtAoZMquxoAbzBvy5nxQ7veS5eYzf8A=="],

    "@types/prop-types": ["@types/prop-types@15.7.12", "", {}, "sha512-5zvhXYtRNRluoE/jAp4GVsSduVUzNWKkOZrCDBWYtE7biZywwdC2AcEzg+cSMLFRfVgeAFqpfNabiPjxFddV1Q=="],

    "@types/react": ["@types/react@19.2.14", "", { "dependencies": { "csstype": "^3.2.2" } }, "sha512-ilcTH/UniCkMdtexkoCN0bI7pMcJDvmQFPvuPvmEaYA/NSfFTAgdUSLAoVjaRJm7+6PvcM+q1zYOwS4wTYMF9w=="],

    "@types/react-dom": ["@types/react-dom@19.2.3", "", { "peerDependencies": { "@types/react": "^19.2.0" } }, "sha512-jp2L/eY6fn+KgVVQAOqYItbF0VY/YApe5Mz2F0aykSO8gx31bYCZyvSeYxCHKvzHG5eZjc+zyaS5BrBWya2+kQ=="],

    "@types/trusted-types": ["@types/trusted-types@2.0.7", "", {}, "sha512-ScaPdn1dQczgbl0QFTeTOmVHFULt394XJgOQNoyVhZ6r2vLnMLJfBPd53SB52T/3G36VI1/g2MZaX0cwDuXsfw=="],

    "asynckit": ["asynckit@0.4.0", "", {}, "sha512-Oei9OH4tRh0YqU3GxhX79dM/mwVgvbZJaSNaRk+bshkj0S5cfHcgYakreBjrHwatXKbz+IoIdYLxrKim2MjW0Q=="],

    "call-bind-apply-helpers": ["call-bind-apply-helpers@1.0.2", "", { "dependencies": { "es-errors": "^1.3.0", "function-bind": "^1.1.2" } }, "sha512-Sp1ablJ0ivDkSzjcaJdxEunN5/XvksFJ2sMBFfq6x0ryhQV/2b/KwFe21cMpmHtPOSij8K99/wSfoEuTObmuMQ=="],

    "camelcase": ["camelcase@6.3.0", "", {}, "sha512-Gmy6FhYlCY7uOElZUSbxo2UCDH8owEk996gkbrpsgGtrJLM3J7jGxl9Ic7Qwwj4ivOE5AWZWRMecDdF7hqGjFA=="],

    "camelcase-css": ["camelcase-css@2.0.1", "", {}, "sha512-QOSvevhslijgYwRx6Rv7zKdMF8lbRmx+uQGx2+vDc+KI/eBnsy9kit5aj23AgGu3pa4t9AgwbnXWqS+iOY+2aA=="],

    "clsx": ["clsx@2.1.1", "", {}, "sha512-eYm0QWBtUrBWZWG0d386OGAw16Z995PiOVo2B7bjWSbHedGl5e0ZWaq65kOGgUSNesEIDkB9ISbTg/JK9dhCZA=="],

    "combined-stream": ["combined-stream@1.0.8", "", { "dependencies": { "delayed-stream": "1.0.0" } }, "sha512-FQN4MRfuJeHf7cBbBMJFXhKSDq+2kAArBlmRBvcvFE5BB1HZKXtSFASDhdlz9zOYwxh8lDdnvmMOe/+5cdoEdg=="],

    "cssesc": ["cssesc@3.0.0", "", { "bin": { "cssesc": "bin/cssesc" } }, "sha512-/Tb/JcjK111nNScGob5MNtsntNM1aCNUDipB/TkwZFhyDrrE47SOx/18wF2bbjgc3ZzCSKW1T5nt5EbFoAz/Vg=="],

    "csstype": ["csstype@3.2.3", "", {}, "sha512-z1HGKcYy2xA8AGQfwrn0PAy+PB7X/GSj3UVJW9qKyn43xWa+gl5nXmU4qqLMRzWVLFC8KusUX8T/0kCiOYpAIQ=="],

    "date-fns": ["date-fns@4.1.0", "", {}, "sha512-Ukq0owbQXxa/U3EGtsdVBkR1w7KOQ5gIBqdH2hkvknzZPYvBxb/aa6E8L7tmjFtkwZBu3UXBbjIgPo/Ez4xaNg=="],

    "debug": ["debug@4.3.7", "", { "dependencies": { "ms": "2.1.3" } }, "sha512-Er2nc/H7RrMXZBFCEim6TCmMk02Z8vLC2Rbi1KEBggpo0fS6l0S1nnapwmIi3yW/+GOJap1Krg4w0Hg80oCqgQ=="],

    "deepmerge": ["deepmerge@4.3.1", "", {}, "sha512-3sUqbMEc77XqpdNO7FRyRog+eW3ph+GYCbj+rK+uYyRMuwsVy0rMiVtPn+QJlKFvWP/1PYpapqYn0Me2knFn+A=="],

    "delayed-stream": ["delayed-stream@1.0.0", "", {}, "sha512-ZySD7Nf91aLB0RxL4KGrKHBXl7Eds1DAmEdcoVawXnLD7SDhpNgtuII2aAkg7a7QS41jxPSZ17p4VdGnMHk3MQ=="],

    "detect-node-es": ["detect-node-es@1.1.0", "", {}, "sha512-ypdmJU/TbBby2Dxibuv7ZLW3Bs1QEmM7nHjEANfohJLvE0XVujisn1qPJcZxg+qDucsr+bP6fLD1rPS3AhJ7EQ=="],

    "dompurify": ["dompurify@3.2.4", "", { "optionalDependencies": { "@types/trusted-types": "^2.0.7" } }, "sha512-ysFSFEDVduQpyhzAob/kkuJjf5zWkZD8/A9ywSp1byueyuCfHamrCBa14/Oc2iiB0e51B+NpxSl5gmzn+Ms/mg=="],

    "dot-case": ["dot-case@3.0.4", "", { "dependencies": { "no-case": "3.0.4", "tslib": "2.7.0" } }, "sha512-Kv5nKlh6yRrdrGvxeJ2e5y2eRUpkUosIW4A2AS38zwSz27zu7ufDwQPi5Jhs3XAlGNetl3bmnGhQsMtkKJnj3w=="],

    "dunder-proto": ["dunder-proto@1.0.1", "", { "dependencies": { "call-bind-apply-helpers": "^1.0.1", "es-errors": "^1.3.0", "gopd": "^1.2.0" } }, "sha512-KIN/nDJBQRcXw0MLVhZE9iQHmG68qAVIBg9CqmUYjmQIhgij9U5MFvrqkUL5FbtyyzZuOeOt0zdeRe4UY7ct+A=="],

    "emoji-regex": ["emoji-regex@10.6.0", "", {}, "sha512-toUI84YS5YmxW219erniWD0CIVOo46xGKColeNQRgOzDorgBi1v4D71/OFzgD9GO2UGKIv1C3Sp8DAn0+j5w7A=="],

    "es-define-property": ["es-define-property@1.0.1", "", {}, "sha512-e3nRfgfUZ4rNGL232gUgX06QNyyez04KdjFrF+LTRoOXmrOgFKDg4BCdsjW8EnT69eqdYGmRpJwiPVYNrCaW3g=="],

    "es-errors": ["es-errors@1.3.0", "", {}, "sha512-Zf5H2Kxt2xjTvbJvP2ZWLEICxA6j+hAmMzIlypy4xcBg1vKVnx89Wy0GbS+kf5cwCVFFzdCFh2XSCFNULS6csw=="],

    "es-object-atoms": ["es-object-atoms@1.1.1", "", { "dependencies": { "es-errors": "^1.3.0" } }, "sha512-FGgH2h8zKNim9ljj7dankFPcICIK9Cp5bm+c2gQSYePhpaG5+esrLODihIorn+Pe6FGJzWhXQotPv73jTaldXA=="],

    "es-set-tostringtag": ["es-set-tostringtag@2.1.0", "", { "dependencies": { "es-errors": "^1.3.0", "get-intrinsic": "^1.2.6", "has-tostringtag": "^1.0.2", "hasown": "^2.0.2" } }, "sha512-j6vWzfrGVfyXxge+O0x5sh6cvxAog0a/4Rdd2K36zCMV5eJ+/+tOAngRO8cODMNWbVRdVlmGZQL2YS3yR8bIUA=="],

    "esbuild": ["esbuild@0.27.3", "", { "optionalDependencies": { "@esbuild/aix-ppc64": "0.27.3", "@esbuild/android-arm": "0.27.3", "@esbuild/android-arm64": "0.27.3", "@esbuild/android-x64": "0.27.3", "@esbuild/darwin-arm64": "0.27.3", "@esbuild/darwin-x64": "0.27.3", "@esbuild/freebsd-arm64": "0.27.3", "@esbuild/freebsd-x64": "0.27.3", "@esbuild/linux-arm": "0.27.3", "@esbuild/linux-arm64": "0.27.3", "@esbuild/linux-ia32": "0.27.3", "@esbuild/linux-loong64": "0.27.3", "@esbuild/linux-mips64el": "0.27.3", "@esbuild/linux-ppc64": "0.27.3", "@esbuild/linux-riscv64": "0.27.3", "@esbuild/linux-s390x": "0.27.3", "@esbuild/linux-x64": "0.27.3", "@esbuild/netbsd-arm64": "0.27.3", "@esbuild/netbsd-x64": "0.27.3", "@esbuild/openbsd-arm64": "0.27.3", "@esbuild/openbsd-x64": "0.27.3", "@esbuild/openharmony-arm64": "0.27.3", "@esbuild/sunos-x64": "0.27.3", "@esbuild/win32-arm64": "0.27.3", "@esbuild/win32-ia32": "0.27.3", "@esbuild/win32-x64": "0.27.3" }, "bin": { "esbuild": "bin/esbuild" } }, "sha512-8VwMnyGCONIs6cWue2IdpHxHnAjzxnw2Zr7MkVxB2vjmQ2ivqGFb4LEG3SMnv0Gb2F/G/2yA8zUaiL1gywDCCg=="],

    "eventemitter3": ["eventemitter3@4.0.7", "", {}, "sha512-8guHBZCwKnFhYdHr2ysuRWErTwhoN2X8XELRlrRwpmfeY2jjuUN4taQMsULKUVo1K4DvZl+0pgfyoysHxvmvEw=="],

    "fast-deep-equal": ["fast-deep-equal@3.1.3", "", {}, "sha512-f3qQ9oQy9j2AhBe/H9VC91wLmKBCCU/gDOnKNAYG5hswO7BLKj09Hc5HYNz9cGI++xlpDCIgDaitVs03ATR84Q=="],

    "fdir": ["fdir@6.5.0", "", { "peerDependencies": { "picomatch": "^3 || ^4" }, "optionalPeers": ["picomatch"] }, "sha512-tIbYtZbucOs0BRGqPJkshJUYdL+SDH7dVM8gjy+ERp3WAUjLEFJE+02kanyHtwjWOnwrKYBiwAmM0p4kLJAnXg=="],

    "form-data": ["form-data@4.0.5", "", { "dependencies": { "asynckit": "^0.4.0", "combined-stream": "^1.0.8", "es-set-tostringtag": "^2.1.0", "hasown": "^2.0.2", "mime-types": "^2.1.12" } }, "sha512-8RipRLol37bNs2bhoV67fiTEvdTrbMUYcFTiy3+wuuOnUog2QBHCZWXDRijWQfAkhBj2Uf5UnVaiWwA5vdd82w=="],

    "fsevents": ["fsevents@2.3.3", "", { "os": "darwin" }, "sha512-5xoDfX+fL7faATnagmWPpbFtwh/R77WmMMqqHGS65C3vvB0YHrgF+B1YmZ3441tMj5n63k0212XNoJwzlhffQw=="],

    "function-bind": ["function-bind@1.1.2", "", {}, "sha512-7XHNxH7qX9xG5mIwxkhumTox/MIRNcOgDrxWsMt2pAr23WHp6MrRlN7FBSFpCpr+oVO0F744iUgR82nJMfG2SA=="],

    "get-intrinsic": ["get-intrinsic@1.3.0", "", { "dependencies": { "call-bind-apply-helpers": "^1.0.2", "es-define-property": "^1.0.1", "es-errors": "^1.3.0", "es-object-atoms": "^1.1.1", "function-bind": "^1.1.2", "get-proto": "^1.0.1", "gopd": "^1.2.0", "has-symbols": "^1.1.0", "hasown": "^2.0.2", "math-intrinsics": "^1.1.0" } }, "sha512-9fSjSaos/fRIVIp+xSJlE6lfwhES7LNtKaCBIamHsjr2na1BiABJPo0mOjjz8GJDURarmCPGqaiVg5mfjb98CQ=="],

    "get-nonce": ["get-nonce@1.0.1", "", {}, "sha512-FJhYRoDaiatfEkUK8HKlicmu/3SGFD51q3itKDGoSTysQJBnfOcxU5GxnhE1E6soB76MbT0MBtnKJuXyAx+96Q=="],

    "get-proto": ["get-proto@1.0.1", "", { "dependencies": { "dunder-proto": "^1.0.1", "es-object-atoms": "^1.0.0" } }, "sha512-sTSfBjoXBp89JvIKIefqw7U2CCebsc74kiY6awiGogKtoSGbgjYE/G/+l9sF3MWFPNc9IcoOC4ODfKHfxFmp0g=="],

    "globrex": ["globrex@0.1.2", "", {}, "sha512-uHJgbwAMwNFf5mLst7IWLNg14x1CkeqglJb/K3doi4dw6q2IvAAmM/Y81kevy83wP+Sst+nutFTYOGg3d1lsxg=="],

    "gopd": ["gopd@1.2.0", "", {}, "sha512-ZUKRh6/kUFoAiTAtTYPZJ3hw9wNxx+BIBOijnlG9PnrJsCcSjs1wyyD6vJpaYtgnzDrKYRSqf3OO6Rfa93xsRg=="],

    "has-symbols": ["has-symbols@1.1.0", "", {}, "sha512-1cDNdwJ2Jaohmb3sg4OmKaMBwuC48sYni5HUw2DvsC8LjGTLK9h+eb1X6RyuOHe4hT0ULCW68iomhjUoKUqlPQ=="],

    "has-tostringtag": ["has-tostringtag@1.0.2", "", { "dependencies": { "has-symbols": "^1.0.3" } }, "sha512-NqADB8VjPFLM2V0VvHUewwwsw0ZWBaIdgo+ieHtK3hasLz4qeCRjYcqfB6AQrBggRKppKF8L52/VqdVsO47Dlw=="],

    "hasown": ["hasown@2.0.2", "", { "dependencies": { "function-bind": "^1.1.2" } }, "sha512-0hJU9SCPvmMzIBdZFqNPXWa6dqh7WdH0cII9y+CyS8rG3nL48Bclra9HmKhVVUHyPWNH5Y7xDwAB7bfgSjkUMQ=="],

    "husky": ["husky@9.1.7", "", { "bin": { "husky": "bin.js" } }, "sha512-5gs5ytaNjBrh5Ow3zrvdUUY+0VxIuWVL4i9irt6friV+BqdCfmV11CQTWMiBYWHbXhco+J1kHfTOUkePhCDvMA=="],

    "inherits": ["inherits@2.0.3", "", {}, "sha512-x00IRNXNy63jwGkJmzPigoySHbaqpNuzKbBOmzK+g2OdZpQ9w+sxCN+VSB3ja7IAge2OP2qpfxTjeNcyjmW1uw=="],

    "lodash-es": ["lodash-es@4.17.21", "", {}, "sha512-mKnC+QJ9pWVzv+C4/U3rRsHapFfHvQFoFB92e52xeyGMcX6/OlIl78je1u8vePzYZSkkogMPJ2yjxxsb89cxyw=="],

    "logseq-dateutils": ["logseq-dateutils@2.1.2", "", { "dependencies": { "date-fns": "2.30.0" } }, "sha512-N4WD6VynVC+rMQr4+BSLu/bvLhYnLc9/DBjNASIZroC0Rf7Ymwxm/G84unVxVi6iR7Y21T/4UhJEEtzfIIOQaw=="],

    "lower-case": ["lower-case@2.0.2", "", { "dependencies": { "tslib": "2.7.0" } }, "sha512-7fm3l3NAF9WfN6W3JOmf5drwpVqX78JtoGJ3A6W0a6ZnldM41w2fV5D490psKFTpMds8TJse/eHLFFsNHHjHgg=="],

    "magic-string": ["magic-string@0.26.7", "", { "dependencies": { "sourcemap-codec": "1.4.8" } }, "sha512-hX9XH3ziStPoPhJxLq1syWuZMxbDvGNbVchfrdCtanC7D13888bMFow61x8axrx+GfHLtVeAx2kxL7tTGRl+Ow=="],

    "math-intrinsics": ["math-intrinsics@1.1.0", "", {}, "sha512-/IXtbwEk5HTPyEwyKX6hGkYXxM9nbj64B+ilVJnC/R6B0pH5G4V3b0pVbL7DBj4tkhBAppbQUlf6F6Xl9LHu1g=="],

    "mime-db": ["mime-db@1.52.0", "", {}, "sha512-sPU4uV7dYlvtWJxwwxHD0PuihVNiE7TyAbQ5SWxDCB9mUYvOgroQOwYQQOKPJ8CIbE+1ETVlOoK1UC2nU3gYvg=="],

    "mime-types": ["mime-types@2.1.35", "", { "dependencies": { "mime-db": "1.52.0" } }, "sha512-ZDY+bPm5zTTF+YpCrAU9nK0UgICYPT0QtT1NZWFv4s++TNkcgVaT0g6+4R2uI4MjQjzysHB1zxuWL50hzaeXiw=="],

    "ms": ["ms@2.1.3", "", {}, "sha512-6FlzubTLZG3J2a/NVCAleEhjzq5oxgHyaCU9yYXvcLsvoVaHJq/s5xXI6/XXP6tz7R9xAOtHnSO/tXtF3WRTlA=="],

    "nanoid": ["nanoid@3.3.11", "", { "bin": { "nanoid": "bin/nanoid.cjs" } }, "sha512-N8SpfPUnUp1bK+PMYW8qSWdl9U+wwNWI4QKxOYDy9JAro3WMX7p2OeVRF9v+347pnakNevPmiHhNmZ2HbFA76w=="],

    "no-case": ["no-case@3.0.4", "", { "dependencies": { "lower-case": "2.0.2", "tslib": "2.7.0" } }, "sha512-fgAN3jGAh+RoxUGZHTSOLJIqUc2wmoBwGR4tbpNAKmmovFoWq0OdRkb0VkldReO2a2iBT/OEulG9XSUc10r3zg=="],

    "path": ["path@0.12.7", "", { "dependencies": { "process": "0.11.10", "util": "0.10.4" } }, "sha512-aXXC6s+1w7otVF9UletFkFcDsJeO7lSZBPUQhtb5O0xJe8LtYhj/GxldoL09bBj9+ZmE2hNoHqQSFMN5fikh4Q=="],

    "picocolors": ["picocolors@1.1.1", "", {}, "sha512-xceH2snhtb5M9liqDsmEw56le376mTZkEX/jEb/RxNFyegNul7eNslCXP9FDj/Lcu0X8KEyMceP2ntpaHrDEVA=="],

    "picomatch": ["picomatch@4.0.3", "", {}, "sha512-5gTmgEY/sqK6gFXLIsQNH19lWb4ebPDLA4SdLP7dsWkIXHWlG66oPuVvXSGFPppYZz8ZDZq0dYYrbHfBCVUb1Q=="],

    "postcss": ["postcss@8.5.6", "", { "dependencies": { "nanoid": "^3.3.11", "picocolors": "^1.1.1", "source-map-js": "^1.2.1" } }, "sha512-3Ybi1tAuwAP9s0r1UQ2J4n5Y0G05bJkpUIO0/bI9MhwmD70S5aTWbXGBwxHrelT+XM1k6dM0pk+SwNkpTRN7Pg=="],

    "postcss-js": ["postcss-js@4.0.1", "", { "dependencies": { "camelcase-css": "2.0.1" }, "peerDependencies": { "postcss": "8.4.45" } }, "sha512-dDLF8pEO191hJMtlHFPRa8xsizHaM82MLfNkUHdUtVEV3tgTp5oj+8qbEqYM57SLfc74KSbw//4SeJma2LRVIw=="],

    "postcss-mixins": ["postcss-mixins@12.1.2", "", { "dependencies": { "postcss-js": "^4.0.1", "postcss-simple-vars": "^7.0.1", "sugarss": "^5.0.0", "tinyglobby": "^0.2.14" }, "peerDependencies": { "postcss": "^8.2.14" } }, "sha512-90pSxmZVfbX9e5xCv7tI5RV1mnjdf16y89CJKbf/hD7GyOz1FCxcYMl8ZYA8Hc56dbApTKKmU9HfvgfWdCxlwg=="],

    "postcss-nested": ["postcss-nested@7.0.2", "", { "dependencies": { "postcss-selector-parser": "^7.0.0" }, "peerDependencies": { "postcss": "^8.2.14" } }, "sha512-5osppouFc0VR9/VYzYxO03VaDa3e8F23Kfd6/9qcZTUI8P58GIYlArOET2Wq0ywSl2o2PjELhYOFI4W7l5QHKw=="],

    "postcss-preset-mantine": ["postcss-preset-mantine@1.18.0", "", { "dependencies": { "postcss-mixins": "^12.0.0", "postcss-nested": "^7.0.2" }, "peerDependencies": { "postcss": ">=8.0.0" } }, "sha512-sP6/s1oC7cOtBdl4mw/IRKmKvYTuzpRrH/vT6v9enMU/EQEQ31eQnHcWtFghOXLH87AAthjL/Q75rLmin1oZoA=="],

    "postcss-selector-parser": ["postcss-selector-parser@7.1.1", "", { "dependencies": { "cssesc": "^3.0.0", "util-deprecate": "^1.0.2" } }, "sha512-orRsuYpJVw8LdAwqqLykBj9ecS5/cRHlI5+nvTo8LcCKmzDmqVORXtOIYEEQuL9D4BxtA1lm5isAqzQZCoQ6Eg=="],

    "postcss-simple-vars": ["postcss-simple-vars@7.0.1", "", { "peerDependencies": { "postcss": "8.4.45" } }, "sha512-5GLLXaS8qmzHMOjVxqkk1TZPf1jMqesiI7qLhnlyERalG0sMbHIbJqrcnrpmZdKCLglHnRHoEBB61RtGTsj++A=="],

    "prettier": ["prettier@3.8.1", "", { "bin": { "prettier": "bin/prettier.cjs" } }, "sha512-UOnG6LftzbdaHZcKoPFtOcCKztrQ57WkHDeRD9t/PTQtmT0NHSeWWepj6pS0z/N7+08BHFDQVUrfmfMRcZwbMg=="],

    "process": ["process@0.11.10", "", {}, "sha512-cdGef/drWFoydD1JsMzuFf8100nZl+GT+yacc2bEced5f9Rjk4z+WtFUTBu9PhOi9j/jfmBPu0mMEY4wIdAF8A=="],

    "react": ["react@19.2.4", "", {}, "sha512-9nfp2hYpCwOjAN+8TZFGhtWEwgvWHXqESH8qT89AT/lWklpLON22Lc8pEtnpsZz7VmawabSU0gCjnj8aC0euHQ=="],

    "react-dom": ["react-dom@19.2.4", "", { "dependencies": { "scheduler": "^0.27.0" }, "peerDependencies": { "react": "^19.2.4" } }, "sha512-AXJdLo8kgMbimY95O2aKQqsz2iWi9jMgKJhRBAxECE4IFxfcazB2LmzloIoibJI3C12IlY20+KFaLv+71bUJeQ=="],

    "react-hook-form": ["react-hook-form@7.71.2", "", { "peerDependencies": { "react": "^16.8.0 || ^17 || ^18 || ^19" } }, "sha512-1CHvcDYzuRUNOflt4MOq3ZM46AronNJtQ1S7tnX6YN4y72qhgiUItpacZUAQ0TyWYci3yz1X+rXaSxiuEm86PA=="],

    "react-number-format": ["react-number-format@5.4.4", "", { "peerDependencies": { "react": "^0.14 || ^15.0.0 || ^16.0.0 || ^17.0.0 || ^18.0.0 || ^19.0.0", "react-dom": "^0.14 || ^15.0.0 || ^16.0.0 || ^17.0.0 || ^18.0.0 || ^19.0.0" } }, "sha512-wOmoNZoOpvMminhifQYiYSTCLUDOiUbBunrMrMjA+dV52sY+vck1S4UhR6PkgnoCquvvMSeJjErXZ4qSaWCliA=="],

    "react-remove-scroll": ["react-remove-scroll@2.7.2", "", { "dependencies": { "react-remove-scroll-bar": "^2.3.7", "react-style-singleton": "^2.2.3", "tslib": "^2.1.0", "use-callback-ref": "^1.3.3", "use-sidecar": "^1.1.3" }, "peerDependencies": { "@types/react": "*", "react": "^16.8.0 || ^17.0.0 || ^18.0.0 || ^19.0.0 || ^19.0.0-rc" }, "optionalPeers": ["@types/react"] }, "sha512-Iqb9NjCCTt6Hf+vOdNIZGdTiH1QSqr27H/Ek9sv/a97gfueI/5h1s3yRi1nngzMUaOOToin5dI1dXKdXiF+u0Q=="],

    "react-remove-scroll-bar": ["react-remove-scroll-bar@2.3.8", "", { "dependencies": { "react-style-singleton": "^2.2.2", "tslib": "^2.0.0" }, "peerDependencies": { "@types/react": "*", "react": "^16.8.0 || ^17.0.0 || ^18.0.0 || ^19.0.0" }, "optionalPeers": ["@types/react"] }, "sha512-9r+yi9+mgU33AKcj6IbT9oRCO78WriSj6t/cF8DWBZJ9aOGPOTEDvdUDz1FwKim7QXWwmHqtdHnRJfhAxEG46Q=="],

    "react-style-singleton": ["react-style-singleton@2.2.3", "", { "dependencies": { "get-nonce": "^1.0.0", "tslib": "^2.0.0" }, "peerDependencies": { "@types/react": "*", "react": "^16.8.0 || ^17.0.0 || ^18.0.0 || ^19.0.0 || ^19.0.0-rc" }, "optionalPeers": ["@types/react"] }, "sha512-b6jSvxvVnyptAiLjbkWLE/lOnR4lfTtDAl+eUC7RZy+QQWc6wRzIV2CE6xBuMmDxc2qIihtDCZD5NPOFl7fRBQ=="],

    "react-textarea-autosize": ["react-textarea-autosize@8.5.9", "", { "dependencies": { "@babel/runtime": "^7.20.13", "use-composed-ref": "^1.3.0", "use-latest": "^1.2.1" }, "peerDependencies": { "react": "^16.8.0 || ^17.0.0 || ^18.0.0 || ^19.0.0" } }, "sha512-U1DGlIQN5AwgjTyOEnI1oCcMuEr1pv1qOtklB2l4nyMGbHzWrI0eFsYK0zos2YWqAolJyG0IWJaqWmWj5ETh0A=="],

    "regenerator-runtime": ["regenerator-runtime@0.14.1", "", {}, "sha512-dYnhHh0nJoMfnkZs6GmmhFknAGRrLznOu5nc9ML+EJxGvrx6H7teuevqVqCuPcPK//3eDrrjQhehXVx9cnkGdw=="],

    "rollup": ["rollup@4.58.0", "", { "dependencies": { "@types/estree": "1.0.8" }, "optionalDependencies": { "@rollup/rollup-android-arm-eabi": "4.58.0", "@rollup/rollup-android-arm64": "4.58.0", "@rollup/rollup-darwin-arm64": "4.58.0", "@rollup/rollup-darwin-x64": "4.58.0", "@rollup/rollup-freebsd-arm64": "4.58.0", "@rollup/rollup-freebsd-x64": "4.58.0", "@rollup/rollup-linux-arm-gnueabihf": "4.58.0", "@rollup/rollup-linux-arm-musleabihf": "4.58.0", "@rollup/rollup-linux-arm64-gnu": "4.58.0", "@rollup/rollup-linux-arm64-musl": "4.58.0", "@rollup/rollup-linux-loong64-gnu": "4.58.0", "@rollup/rollup-linux-loong64-musl": "4.58.0", "@rollup/rollup-linux-ppc64-gnu": "4.58.0", "@rollup/rollup-linux-ppc64-musl": "4.58.0", "@rollup/rollup-linux-riscv64-gnu": "4.58.0", "@rollup/rollup-linux-riscv64-musl": "4.58.0", "@rollup/rollup-linux-s390x-gnu": "4.58.0", "@rollup/rollup-linux-x64-gnu": "4.58.0", "@rollup/rollup-linux-x64-musl": "4.58.0", "@rollup/rollup-openbsd-x64": "4.58.0", "@rollup/rollup-openharmony-arm64": "4.58.0", "@rollup/rollup-win32-arm64-msvc": "4.58.0", "@rollup/rollup-win32-ia32-msvc": "4.58.0", "@rollup/rollup-win32-x64-gnu": "4.58.0", "@rollup/rollup-win32-x64-msvc": "4.58.0", "fsevents": "~2.3.2" }, "bin": { "rollup": "dist/bin/rollup" } }, "sha512-wbT0mBmWbIvvq8NeEYWWvevvxnOyhKChir47S66WCxw1SXqhw7ssIYejnQEVt7XYQpsj2y8F9PM+Cr3SNEa0gw=="],

    "scheduler": ["scheduler@0.27.0", "", {}, "sha512-eNv+WrVbKu1f3vbYJT/xtiF5syA5HPIMtf9IgY/nKg0sWqzAUEvqY/xm7OcZc/qafLx/iO9FgOmeSAp4v5ti/Q=="],

    "snake-case": ["snake-case@3.0.4", "", { "dependencies": { "dot-case": "3.0.4", "tslib": "2.7.0" } }, "sha512-LAOh4z89bGQvl9pFfNF8V146i7o7/CqFPbqzYgP+yYzDIDeS9HaNFtXABamRW+AQzEVODcvE79ljJ+8a9YSdMg=="],

    "source-map-js": ["source-map-js@1.2.1", "", {}, "sha512-UXWMKhLOwVKb728IUtQPXxfYU+usdybtUrK/8uGE8CQMvrhOpwvzDBwj0QhSL7MQc7vIsISBG8VQ8+IDQxpfQA=="],

    "sourcemap-codec": ["sourcemap-codec@1.4.8", "", {}, "sha512-9NykojV5Uih4lgo5So5dtw+f0JgJX30KCNI8gwhz2J9A15wD0Ml6tjHKwf6fTSa6fAdVBdZeNOs9eJ71qCk8vA=="],

    "sugarss": ["sugarss@5.0.1", "", { "peerDependencies": { "postcss": "^8.3.3" } }, "sha512-ctS5RYCBVvPoZAnzIaX5QSShK8ZiZxD5HUqSxlusvEMC+QZQIPCPOIJg6aceFX+K2rf4+SH89eu++h1Zmsr2nw=="],

    "tabbable": ["tabbable@6.2.0", "", {}, "sha512-Cat63mxsVJlzYvN51JmVXIgNoUokrIaT2zLclCXjRd8boZ0004U4KCs/sToJ75C6sdlByWxpYnb5Boif1VSFew=="],

    "tinyglobby": ["tinyglobby@0.2.15", "", { "dependencies": { "fdir": "^6.5.0", "picomatch": "^4.0.3" } }, "sha512-j2Zq4NyQYG5XMST4cbs02Ak8iJUdxRM0XI5QyxXuZOzKOINmWurp3smXu3y5wDcJrptwpSjgXHzIQxR0omXljQ=="],

    "ts-custom-error": ["ts-custom-error@3.3.1", "", {}, "sha512-5OX1tzOjxWEgsr/YEUWSuPrQ00deKLh6D7OTWcvNHm12/7QPyRh8SYpyWvA4IZv8H/+GQWQEh/kwo95Q9OVW1A=="],

    "tsconfck": ["tsconfck@3.1.3", "", { "optionalDependencies": { "typescript": "5.5.4" }, "bin": { "tsconfck": "bin/tsconfck.js" } }, "sha512-ulNZP1SVpRDesxeMLON/LtWM8HIgAJEIVpVVhBM6gsmvQ8+Rh+ZG7FWGvHh7Ah3pRABwVJWklWCr/BTZSv0xnQ=="],

    "tslib": ["tslib@2.7.0", "", {}, "sha512-gLXCKdN1/j47AiHiOkJN69hJmcbGTHI0ImLmbYLHykhgeN0jVGola9yVjFgzCUklsZQMW55o+dW7IXv3RCXDzA=="],

    "type-fest": ["type-fest@4.26.0", "", {}, "sha512-OduNjVJsFbifKb57UqZ2EMP1i4u64Xwow3NYXUtBbD4vIwJdQd4+xl8YDou1dlm4DVrtwT/7Ky8z8WyCULVfxw=="],

    "typescript": ["typescript@5.9.3", "", { "bin": { "tsc": "bin/tsc", "tsserver": "bin/tsserver" } }, "sha512-jl1vZzPDinLr9eUt3J/t7V6FgNEw9QjvBPdysz9KfQDD41fQrC2Y4vKQdiaUpFT4bXlb1RHhLpp8wtm6M5TgSw=="],

    "undici": ["undici@7.22.0", "", {}, "sha512-RqslV2Us5BrllB+JeiZnK4peryVTndy9Dnqq62S3yYRRTj0tFQCwEniUy2167skdGOy3vqRzEvl1Dm4sV2ReDg=="],

    "undici-types": ["undici-types@7.18.2", "", {}, "sha512-AsuCzffGHJybSaRrmr5eHr81mwJU3kjw6M+uprWvCXiNeN9SOGwQ3Jn8jb8m3Z6izVgknn1R0FTCEAP2QrLY/w=="],

    "use-callback-ref": ["use-callback-ref@1.3.3", "", { "dependencies": { "tslib": "^2.0.0" }, "peerDependencies": { "@types/react": "*", "react": "^16.8.0 || ^17.0.0 || ^18.0.0 || ^19.0.0 || ^19.0.0-rc" }, "optionalPeers": ["@types/react"] }, "sha512-jQL3lRnocaFtu3V00JToYz/4QkNWswxijDaCVNZRiRTO3HQDLsdu1ZtmIUvV4yPp+rvWm5j0y0TG/S61cuijTg=="],

    "use-composed-ref": ["use-composed-ref@1.3.0", "", { "peerDependencies": { "react": "18.3.1" } }, "sha512-GLMG0Jc/jiKov/3Ulid1wbv3r54K9HlMW29IWcDFPEqFkSO2nS0MuefWgMJpeHQ9YJeXDL3ZUF+P3jdXlZX/cQ=="],

    "use-isomorphic-layout-effect": ["use-isomorphic-layout-effect@1.1.2", "", { "optionalDependencies": { "@types/react": "18.3.5" }, "peerDependencies": { "react": "18.3.1" } }, "sha512-49L8yCO3iGT/ZF9QttjwLF/ZD9Iwto5LnH5LmEdk/6cFmXddqi2ulF0edxTwjj+7mqvpVVGQWvbXZdn32wRSHA=="],

    "use-latest": ["use-latest@1.2.1", "", { "dependencies": { "use-isomorphic-layout-effect": "1.1.2" }, "optionalDependencies": { "@types/react": "18.3.5" }, "peerDependencies": { "react": "18.3.1" } }, "sha512-xA+AVm/Wlg3e2P/JiItTziwS7FK92LWrDB0p+hgXloIMuVCeJJ8v6f0eeHyPZaJrM+usM1FkFfbNCrJGs8A/zw=="],

    "use-sidecar": ["use-sidecar@1.1.3", "", { "dependencies": { "detect-node-es": "^1.1.0", "tslib": "^2.0.0" }, "peerDependencies": { "@types/react": "*", "react": "^16.8.0 || ^17.0.0 || ^18.0.0 || ^19.0.0 || ^19.0.0-rc" }, "optionalPeers": ["@types/react"] }, "sha512-Fedw0aZvkhynoPYlA5WXrMCAMm+nSWdZt6lzJQ7Ok8S6Q+VsHmHpRWndVRJ8Be0ZbkfPc5LRYH+5XrzXcEeLRQ=="],

    "util": ["util@0.10.4", "", { "dependencies": { "inherits": "2.0.3" } }, "sha512-0Pm9hTQ3se5ll1XihRic3FDIku70C+iHUdT/W926rSgHV5QgXsYbKZN8MSC3tJtSkhuROzvsQjAaFENRXr+19A=="],

    "util-deprecate": ["util-deprecate@1.0.2", "", {}, "sha512-EPD5q1uXyFxJpCrLnCc1nHnq3gOa6DZBocAIiI2TaSCA7VCJ1UJDMagCzIkXNsUYfD1daK//LTEQ8xiIbrHtcw=="],

    "uuid": ["uuid@13.0.0", "", { "bin": { "uuid": "dist-node/bin/uuid" } }, "sha512-XQegIaBTVUjSHliKqcnFqYypAd4S+WCYt5NIeRs6w/UAry7z8Y9j5ZwRRL4kzq9U3sD6v+85er9FvkEaBpji2w=="],

    "vite": ["vite@7.3.1", "", { "dependencies": { "esbuild": "^0.27.0", "fdir": "^6.5.0", "picomatch": "^4.0.3", "postcss": "^8.5.6", "rollup": "^4.43.0", "tinyglobby": "^0.2.15" }, "optionalDependencies": { "fsevents": "~2.3.3" }, "peerDependencies": { "@types/node": "^20.19.0 || >=22.12.0", "jiti": ">=1.21.0", "less": "^4.0.0", "lightningcss": "^1.21.0", "sass": "^1.70.0", "sass-embedded": "^1.70.0", "stylus": ">=0.54.8", "sugarss": "^5.0.0", "terser": "^5.16.0", "tsx": "^4.8.1", "yaml": "^2.4.2" }, "optionalPeers": ["@types/node", "jiti", "less", "lightningcss", "sass", "sass-embedded", "stylus", "sugarss", "terser", "tsx", "yaml"], "bin": { "vite": "bin/vite.js" } }, "sha512-w+N7Hifpc3gRjZ63vYBXA56dvvRlNWRczTdmCBBa+CotUzAPf5b7YMdMR/8CQoeYE5LX3W4wj6RYTgonm1b9DA=="],

    "vite-plugin-logseq": ["vite-plugin-logseq@1.1.2", "", { "dependencies": { "magic-string": "0.26.7" } }, "sha512-l5YvoH3K25Zx9eqgoJFug7NfVqSPwq7/FcYYhN1TkdG8ZOiD+c+TAwdCS2dJbGgvx8GmSpbgwSZWgslB+wH53g=="],

    "vite-tsconfig-paths": ["vite-tsconfig-paths@6.1.1", "", { "dependencies": { "debug": "^4.1.1", "globrex": "^0.1.2", "tsconfck": "^3.0.3" }, "peerDependencies": { "vite": "*" } }, "sha512-2cihq7zliibCCZ8P9cKJrQBkfgdvcFkOOc3Y02o3GWUDLgqjWsZudaoiuOwO/gzTzy17cS5F7ZPo4bsnS4DGkg=="],

    "wretch": ["wretch@3.0.6", "", {}, "sha512-qshuQ0s5973Mu9mL5PG6QYG/bD0jihX9bovq7jgGE8r6ndH+JPOzzxihh/gaanKKsrFvvIdZ+KN4BoFyTj4PWg=="],

    "zod": ["zod@4.3.6", "", {}, "sha512-rftlrkhHZOcjDwkGlnUtZZkvaPHCsDATp4pGpuOOMDaTdDDXF91wuVDJoWoPsKX/3YPQ5fHuF3STjcYyKr+Qhg=="],

    "@doist/todoist-api-typescript/uuid": ["uuid@11.1.0", "", { "bin": { "uuid": "dist/esm/bin/uuid" } }, "sha512-0/A9rDy9P7cJ+8w1c9WD9V//9Wj15Ce2MPz8Ri6032usz+NfePxx5AcN3bN+r6ZL6jEo066/yNYB3tn4pQEx+A=="],

    "@logseq/libs/csstype": ["csstype@3.1.0", "", {}, "sha512-uX1KG+x9h5hIJsaKR9xHUeUraxf8IODOwq9JLNPq6BwB04a/xgpq3rcx47l5BZu5zBPlgD342tdke3Hom/nJRA=="],

    "@logseq/libs/debug": ["debug@4.3.4", "", { "dependencies": { "ms": "2.1.2" } }, "sha512-PRWFHuSU3eDtQJPvnNY7Jcket1j0t5OuOsFzPPzsekD52Zl8qUfFIPEiswXqIvHWGVHOgX+7G/vCNNhehwxfkQ=="],

    "@mantine/core/type-fest": ["type-fest@4.41.0", "", {}, "sha512-TeTSQ6H5YHvpqVwBRcnLDCBnDOHWYu7IvGbHT6N8AOymcr9PJGjc1GTtiWZTYg0NCgYwvnYWEkVChQAr9bjfwA=="],

    "logseq-dateutils/date-fns": ["date-fns@2.30.0", "", { "dependencies": { "@babel/runtime": "7.25.6" } }, "sha512-fnULvOpxnC5/Vg3NCiWelDsLiUc9bRwAPs/+LfTLNvetFCtCTN+yQz15C/fs4AwX1R9K5GLtLfn8QW+dWisaAw=="],

    "tsconfck/typescript": ["typescript@5.5.4", "", { "bin": { "tsc": "bin/tsc", "tsserver": "bin/tsserver" } }, "sha512-Mtq29sKDAEYP7aljRgtPOpTvOfbwRWlS6dPRzwjdE+C0R4brX/GUyhHSecbHMFLNBLcJIPt9nl9yG5TZ1weH+Q=="],

    "use-isomorphic-layout-effect/@types/react": ["@types/react@18.3.5", "", { "dependencies": { "@types/prop-types": "15.7.12", "csstype": "3.1.3" } }, "sha512-WeqMfGJLGuLCqHGYRGHxnKrXcTitc6L/nBUWfWPcTarG3t9PsquqUMuVeXZeca+mglY4Vo5GZjCi0A3Or2lnxA=="],

    "use-latest/@types/react": ["@types/react@18.3.5", "", { "dependencies": { "@types/prop-types": "15.7.12", "csstype": "3.1.3" } }, "sha512-WeqMfGJLGuLCqHGYRGHxnKrXcTitc6L/nBUWfWPcTarG3t9PsquqUMuVeXZeca+mglY4Vo5GZjCi0A3Or2lnxA=="],

    "@logseq/libs/debug/ms": ["ms@2.1.2", "", {}, "sha512-sGkPx+VjMtmA6MX27oA4FBFELFCZZ4S4XqeGOXCv68tT+jb3vk/RyaKWP0PTKyWtmLSM0b+adUTEvbs1PEaH2w=="],

    "use-isomorphic-layout-effect/@types/react/csstype": ["csstype@3.1.3", "", {}, "sha512-M1uQkMl8rQK/szD0LNhtqxIPLpimGm8sOBwU7lLnCpSbTyY3yeU1Vc7l4KT5zT4s/yOxHH5O7tIuuLOCnLADRw=="],

    "use-latest/@types/react/csstype": ["csstype@3.1.3", "", {}, "sha512-M1uQkMl8rQK/szD0LNhtqxIPLpimGm8sOBwU7lLnCpSbTyY3yeU1Vc7l4KT5zT4s/yOxHH5O7tIuuLOCnLADRw=="],
  }
}
